// !$*UTF8*$!
{
	archiveVersion = 1;
	classes = {
	};
	objectVersion = 50;
	objects = {

/* Begin PBXBuildFile section */
		08DF49C820BE5130004D4057 /* AppDelegateHelper.swift in Sources */ = {isa = PBXBuildFile; fileRef = 08DF49C720BE5130004D4057 /* AppDelegateHelper.swift */; };
		08DF49CA20BE53A3004D4057 /* HorizontalScrollFlowLayout.swift in Sources */ = {isa = PBXBuildFile; fileRef = 08DF49C920BE53A3004D4057 /* HorizontalScrollFlowLayout.swift */; };
		8A1853BA20BDAFFE00DC179B /* OnboardingPresenter_Tests.swift in Sources */ = {isa = PBXBuildFile; fileRef = 8A1853B920BDAFFE00DC179B /* OnboardingPresenter_Tests.swift */; };
		8A1853BD20BDC7E300DC179B /* AppColors_Tests.swift in Sources */ = {isa = PBXBuildFile; fileRef = 8A1853BC20BDC7E300DC179B /* AppColors_Tests.swift */; };
		8A1853C020BDCDCD00DC179B /* Challenge_Tests.swift in Sources */ = {isa = PBXBuildFile; fileRef = 8A1853BF20BDCDCD00DC179B /* Challenge_Tests.swift */; };
		8A1853C320BDCE3D00DC179B /* User_Tests.swift in Sources */ = {isa = PBXBuildFile; fileRef = 8A1853C220BDCE3D00DC179B /* User_Tests.swift */; };
		8A1853C520BDCE7B00DC179B /* Photo_Tests.swift in Sources */ = {isa = PBXBuildFile; fileRef = 8A1853C420BDCE7B00DC179B /* Photo_Tests.swift */; };
		8A1DB54A20CF83A30094CC95 /* File.swift in Sources */ = {isa = PBXBuildFile; fileRef = 8A1DB54920CF83A30094CC95 /* File.swift */; };
		8A1DB54B20CF83A30094CC95 /* File.swift in Sources */ = {isa = PBXBuildFile; fileRef = 8A1DB54920CF83A30094CC95 /* File.swift */; };
		8A1DB54C20CF83A30094CC95 /* File.swift in Sources */ = {isa = PBXBuildFile; fileRef = 8A1DB54920CF83A30094CC95 /* File.swift */; };
		8A1DB54F20CF85580094CC95 /* MainScreen.xib in Resources */ = {isa = PBXBuildFile; fileRef = 8A1DB54E20CF85570094CC95 /* MainScreen.xib */; };
		8A1DB55020CF85580094CC95 /* MainScreen.xib in Resources */ = {isa = PBXBuildFile; fileRef = 8A1DB54E20CF85570094CC95 /* MainScreen.xib */; };
		8A1DB55120CF85580094CC95 /* MainScreen.xib in Resources */ = {isa = PBXBuildFile; fileRef = 8A1DB54E20CF85570094CC95 /* MainScreen.xib */; };
		8A1DB55920CF87FC0094CC95 /* MainScreenPresenter.swift in Sources */ = {isa = PBXBuildFile; fileRef = 8A1DB55320CF87FC0094CC95 /* MainScreenPresenter.swift */; };
		8A1DB55A20CF87FC0094CC95 /* MainScreenPresenter.swift in Sources */ = {isa = PBXBuildFile; fileRef = 8A1DB55320CF87FC0094CC95 /* MainScreenPresenter.swift */; };
		8A1DB55B20CF87FC0094CC95 /* MainScreenPresenter.swift in Sources */ = {isa = PBXBuildFile; fileRef = 8A1DB55320CF87FC0094CC95 /* MainScreenPresenter.swift */; };
		8A1DB55C20CF87FC0094CC95 /* MainScreenWorker.swift in Sources */ = {isa = PBXBuildFile; fileRef = 8A1DB55420CF87FC0094CC95 /* MainScreenWorker.swift */; };
		8A1DB55D20CF87FC0094CC95 /* MainScreenWorker.swift in Sources */ = {isa = PBXBuildFile; fileRef = 8A1DB55420CF87FC0094CC95 /* MainScreenWorker.swift */; };
		8A1DB55E20CF87FC0094CC95 /* MainScreenWorker.swift in Sources */ = {isa = PBXBuildFile; fileRef = 8A1DB55420CF87FC0094CC95 /* MainScreenWorker.swift */; };
		8A1DB55F20CF87FC0094CC95 /* MainScreenRouter.swift in Sources */ = {isa = PBXBuildFile; fileRef = 8A1DB55520CF87FC0094CC95 /* MainScreenRouter.swift */; };
		8A1DB56020CF87FC0094CC95 /* MainScreenRouter.swift in Sources */ = {isa = PBXBuildFile; fileRef = 8A1DB55520CF87FC0094CC95 /* MainScreenRouter.swift */; };
		8A1DB56120CF87FC0094CC95 /* MainScreenRouter.swift in Sources */ = {isa = PBXBuildFile; fileRef = 8A1DB55520CF87FC0094CC95 /* MainScreenRouter.swift */; };
		8A1DB56220CF87FC0094CC95 /* MainScreenModels.swift in Sources */ = {isa = PBXBuildFile; fileRef = 8A1DB55620CF87FC0094CC95 /* MainScreenModels.swift */; };
		8A1DB56320CF87FC0094CC95 /* MainScreenModels.swift in Sources */ = {isa = PBXBuildFile; fileRef = 8A1DB55620CF87FC0094CC95 /* MainScreenModels.swift */; };
		8A1DB56420CF87FC0094CC95 /* MainScreenModels.swift in Sources */ = {isa = PBXBuildFile; fileRef = 8A1DB55620CF87FC0094CC95 /* MainScreenModels.swift */; };
		8A1DB56520CF87FC0094CC95 /* MainScreenView.swift in Sources */ = {isa = PBXBuildFile; fileRef = 8A1DB55720CF87FC0094CC95 /* MainScreenView.swift */; };
		8A1DB56620CF87FC0094CC95 /* MainScreenView.swift in Sources */ = {isa = PBXBuildFile; fileRef = 8A1DB55720CF87FC0094CC95 /* MainScreenView.swift */; };
		8A1DB56720CF87FC0094CC95 /* MainScreenView.swift in Sources */ = {isa = PBXBuildFile; fileRef = 8A1DB55720CF87FC0094CC95 /* MainScreenView.swift */; };
		8A1DB56820CF87FC0094CC95 /* MainScreenInteractor.swift in Sources */ = {isa = PBXBuildFile; fileRef = 8A1DB55820CF87FC0094CC95 /* MainScreenInteractor.swift */; };
		8A1DB56920CF87FC0094CC95 /* MainScreenInteractor.swift in Sources */ = {isa = PBXBuildFile; fileRef = 8A1DB55820CF87FC0094CC95 /* MainScreenInteractor.swift */; };
		8A1DB56A20CF87FC0094CC95 /* MainScreenInteractor.swift in Sources */ = {isa = PBXBuildFile; fileRef = 8A1DB55820CF87FC0094CC95 /* MainScreenInteractor.swift */; };
		8A2F559120C9819B007E29E8 /* HomeScreen.storyboard in Resources */ = {isa = PBXBuildFile; fileRef = 8A2F559020C9819B007E29E8 /* HomeScreen.storyboard */; };
		8A30889920BE695B00FE6AFB /* Formatter+iso8601.swift in Sources */ = {isa = PBXBuildFile; fileRef = 8AAA2BD020BE4F19007F2EA4 /* Formatter+iso8601.swift */; };
		8A30889A20BE695B00FE6AFB /* Formatter+iso8601.swift in Sources */ = {isa = PBXBuildFile; fileRef = 8AAA2BD020BE4F19007F2EA4 /* Formatter+iso8601.swift */; };
		8A6256AC20B690CB0032195E /* Photo.swift in Sources */ = {isa = PBXBuildFile; fileRef = 8A6256AB20B690CB0032195E /* Photo.swift */; };
		8A6256AE20B691620032195E /* User.swift in Sources */ = {isa = PBXBuildFile; fileRef = 8A6256AD20B691620032195E /* User.swift */; };
		8A6256BF20B790E40032195E /* OnboardingRouter.swift in Sources */ = {isa = PBXBuildFile; fileRef = 8A6256B520B790E40032195E /* OnboardingRouter.swift */; };
		8A6256C020B790E40032195E /* OnboardingRouter.swift in Sources */ = {isa = PBXBuildFile; fileRef = 8A6256B520B790E40032195E /* OnboardingRouter.swift */; };
		8A6256C120B790E40032195E /* OnboardingRouter.swift in Sources */ = {isa = PBXBuildFile; fileRef = 8A6256B520B790E40032195E /* OnboardingRouter.swift */; };
		8A6256C520B790E40032195E /* OnboardingViewController.swift in Sources */ = {isa = PBXBuildFile; fileRef = 8A6256B720B790E40032195E /* OnboardingViewController.swift */; };
		8A6256C620B790E40032195E /* OnboardingViewController.swift in Sources */ = {isa = PBXBuildFile; fileRef = 8A6256B720B790E40032195E /* OnboardingViewController.swift */; };
		8A6256C720B790E40032195E /* OnboardingViewController.swift in Sources */ = {isa = PBXBuildFile; fileRef = 8A6256B720B790E40032195E /* OnboardingViewController.swift */; };
		8A6256C820B790E40032195E /* OnboardingPresenter.swift in Sources */ = {isa = PBXBuildFile; fileRef = 8A6256B820B790E40032195E /* OnboardingPresenter.swift */; };
		8A6256C920B790E40032195E /* OnboardingPresenter.swift in Sources */ = {isa = PBXBuildFile; fileRef = 8A6256B820B790E40032195E /* OnboardingPresenter.swift */; };
		8A6256CA20B790E40032195E /* OnboardingPresenter.swift in Sources */ = {isa = PBXBuildFile; fileRef = 8A6256B820B790E40032195E /* OnboardingPresenter.swift */; };
		8A658F0F20C8CA990062F0C4 /* OnboardingViewController_UITests.swift in Sources */ = {isa = PBXBuildFile; fileRef = 8A658F0E20C8CA990062F0C4 /* OnboardingViewController_UITests.swift */; };
		8A6EF3E420CA160F0006C80A /* HomeViewController_Tests.swift in Sources */ = {isa = PBXBuildFile; fileRef = 8A6EF3E320CA160F0006C80A /* HomeViewController_Tests.swift */; };
		8AAA2BD120BE4F19007F2EA4 /* Formatter+iso8601.swift in Sources */ = {isa = PBXBuildFile; fileRef = 8AAA2BD020BE4F19007F2EA4 /* Formatter+iso8601.swift */; };
		8AC4B0A120B3AE26001D98B1 /* AppDelegate.swift in Sources */ = {isa = PBXBuildFile; fileRef = 8AC4B0A020B3AE26001D98B1 /* AppDelegate.swift */; };
		8AC4B0A820B3AE28001D98B1 /* Assets.xcassets in Resources */ = {isa = PBXBuildFile; fileRef = 8AC4B0A720B3AE28001D98B1 /* Assets.xcassets */; };
		8AC4B0F320B683F0001D98B1 /* HomeViewController.swift in Sources */ = {isa = PBXBuildFile; fileRef = 8AC4B0E520B683F0001D98B1 /* HomeViewController.swift */; };
		8AC4B0F420B683F0001D98B1 /* HomeViewController.swift in Sources */ = {isa = PBXBuildFile; fileRef = 8AC4B0E520B683F0001D98B1 /* HomeViewController.swift */; };
		8AC4B0F520B683F0001D98B1 /* HomeViewController.swift in Sources */ = {isa = PBXBuildFile; fileRef = 8AC4B0E520B683F0001D98B1 /* HomeViewController.swift */; };
		8AC4B0FA20B687EE001D98B1 /* Challenge.swift in Sources */ = {isa = PBXBuildFile; fileRef = 8AC4B0F920B687EE001D98B1 /* Challenge.swift */; };
		8AC4B0FB20B687EE001D98B1 /* Challenge.swift in Sources */ = {isa = PBXBuildFile; fileRef = 8AC4B0F920B687EE001D98B1 /* Challenge.swift */; };
		8AC4B0FC20B687EE001D98B1 /* Challenge.swift in Sources */ = {isa = PBXBuildFile; fileRef = 8AC4B0F920B687EE001D98B1 /* Challenge.swift */; };
		8ACD434D20C8BB7B00594046 /* OnboardingViewController_Tests.swift in Sources */ = {isa = PBXBuildFile; fileRef = 8ACD434C20C8BB7A00594046 /* OnboardingViewController_Tests.swift */; };
		8AE6BFE120B7B40C005E8FFC /* AppColors.swift in Sources */ = {isa = PBXBuildFile; fileRef = 8AE6BFE020B7B40C005E8FFC /* AppColors.swift */; };
		8AE6BFE420B7BA4E005E8FFC /* OnboardingModels.swift in Sources */ = {isa = PBXBuildFile; fileRef = 8AE6BFE320B7BA4D005E8FFC /* OnboardingModels.swift */; };
		8AE6BFE520B7BA4E005E8FFC /* OnboardingModels.swift in Sources */ = {isa = PBXBuildFile; fileRef = 8AE6BFE320B7BA4D005E8FFC /* OnboardingModels.swift */; };
		8AE6BFE620B7BA4E005E8FFC /* OnboardingModels.swift in Sources */ = {isa = PBXBuildFile; fileRef = 8AE6BFE320B7BA4D005E8FFC /* OnboardingModels.swift */; };
		8AE6BFE820B7BFC1005E8FFC /* PageCell.swift in Sources */ = {isa = PBXBuildFile; fileRef = 8AE6BFE720B7BFC1005E8FFC /* PageCell.swift */; };
		8AE6BFE920B7BFC1005E8FFC /* PageCell.swift in Sources */ = {isa = PBXBuildFile; fileRef = 8AE6BFE720B7BFC1005E8FFC /* PageCell.swift */; };
		8AE6BFEA20B7BFC1005E8FFC /* PageCell.swift in Sources */ = {isa = PBXBuildFile; fileRef = 8AE6BFE720B7BFC1005E8FFC /* PageCell.swift */; };
		8AE6BFF020B7E078005E8FFC /* Localizable.strings in Resources */ = {isa = PBXBuildFile; fileRef = 8AE6BFF420B7E078005E8FFC /* Localizable.strings */; };
		8AE6BFF120B7E078005E8FFC /* Localizable.strings in Resources */ = {isa = PBXBuildFile; fileRef = 8AE6BFF420B7E078005E8FFC /* Localizable.strings */; };
		8AE6BFF220B7E078005E8FFC /* Localizable.strings in Resources */ = {isa = PBXBuildFile; fileRef = 8AE6BFF420B7E078005E8FFC /* Localizable.strings */; };
		8AE6C01D20BCB8BF005E8FFC /* Montserrat-MediumItalic.otf in Resources */ = {isa = PBXBuildFile; fileRef = 8AE6BFF820BCB8B4005E8FFC /* Montserrat-MediumItalic.otf */; };
		8AE6C01E20BCB8BF005E8FFC /* Montserrat-MediumItalic.otf in Resources */ = {isa = PBXBuildFile; fileRef = 8AE6BFF820BCB8B4005E8FFC /* Montserrat-MediumItalic.otf */; };
		8AE6C01F20BCB8BF005E8FFC /* Montserrat-MediumItalic.otf in Resources */ = {isa = PBXBuildFile; fileRef = 8AE6BFF820BCB8B4005E8FFC /* Montserrat-MediumItalic.otf */; };
		8AE6C02020BCB8BF005E8FFC /* Montserrat-Bold.otf in Resources */ = {isa = PBXBuildFile; fileRef = 8AE6BFF920BCB8B4005E8FFC /* Montserrat-Bold.otf */; };
		8AE6C02120BCB8BF005E8FFC /* Montserrat-Bold.otf in Resources */ = {isa = PBXBuildFile; fileRef = 8AE6BFF920BCB8B4005E8FFC /* Montserrat-Bold.otf */; };
		8AE6C02220BCB8BF005E8FFC /* Montserrat-Bold.otf in Resources */ = {isa = PBXBuildFile; fileRef = 8AE6BFF920BCB8B4005E8FFC /* Montserrat-Bold.otf */; };
		8AE6C02320BCB8BF005E8FFC /* Montserrat-ThinItalic.otf in Resources */ = {isa = PBXBuildFile; fileRef = 8AE6BFFA20BCB8B4005E8FFC /* Montserrat-ThinItalic.otf */; };
		8AE6C02420BCB8BF005E8FFC /* Montserrat-ThinItalic.otf in Resources */ = {isa = PBXBuildFile; fileRef = 8AE6BFFA20BCB8B4005E8FFC /* Montserrat-ThinItalic.otf */; };
		8AE6C02520BCB8BF005E8FFC /* Montserrat-ThinItalic.otf in Resources */ = {isa = PBXBuildFile; fileRef = 8AE6BFFA20BCB8B4005E8FFC /* Montserrat-ThinItalic.otf */; };
		8AE6C02620BCB8BF005E8FFC /* Montserrat-ExtraLightItalic.otf in Resources */ = {isa = PBXBuildFile; fileRef = 8AE6BFFB20BCB8B5005E8FFC /* Montserrat-ExtraLightItalic.otf */; };
		8AE6C02720BCB8BF005E8FFC /* Montserrat-ExtraLightItalic.otf in Resources */ = {isa = PBXBuildFile; fileRef = 8AE6BFFB20BCB8B5005E8FFC /* Montserrat-ExtraLightItalic.otf */; };
		8AE6C02820BCB8BF005E8FFC /* Montserrat-ExtraLightItalic.otf in Resources */ = {isa = PBXBuildFile; fileRef = 8AE6BFFB20BCB8B5005E8FFC /* Montserrat-ExtraLightItalic.otf */; };
		8AE6C02920BCB8BF005E8FFC /* Montserrat-ExtraLight.otf in Resources */ = {isa = PBXBuildFile; fileRef = 8AE6BFFC20BCB8B5005E8FFC /* Montserrat-ExtraLight.otf */; };
		8AE6C02A20BCB8BF005E8FFC /* Montserrat-ExtraLight.otf in Resources */ = {isa = PBXBuildFile; fileRef = 8AE6BFFC20BCB8B5005E8FFC /* Montserrat-ExtraLight.otf */; };
		8AE6C02B20BCB8BF005E8FFC /* Montserrat-ExtraLight.otf in Resources */ = {isa = PBXBuildFile; fileRef = 8AE6BFFC20BCB8B5005E8FFC /* Montserrat-ExtraLight.otf */; };
		8AE6C02C20BCB8BF005E8FFC /* Montserrat-Black.otf in Resources */ = {isa = PBXBuildFile; fileRef = 8AE6BFFD20BCB8B6005E8FFC /* Montserrat-Black.otf */; };
		8AE6C02D20BCB8BF005E8FFC /* Montserrat-Black.otf in Resources */ = {isa = PBXBuildFile; fileRef = 8AE6BFFD20BCB8B6005E8FFC /* Montserrat-Black.otf */; };
		8AE6C02E20BCB8BF005E8FFC /* Montserrat-Black.otf in Resources */ = {isa = PBXBuildFile; fileRef = 8AE6BFFD20BCB8B6005E8FFC /* Montserrat-Black.otf */; };
		8AE6C02F20BCB8BF005E8FFC /* Montserrat-Thin.otf in Resources */ = {isa = PBXBuildFile; fileRef = 8AE6BFFE20BCB8B6005E8FFC /* Montserrat-Thin.otf */; };
		8AE6C03020BCB8BF005E8FFC /* Montserrat-Thin.otf in Resources */ = {isa = PBXBuildFile; fileRef = 8AE6BFFE20BCB8B6005E8FFC /* Montserrat-Thin.otf */; };
		8AE6C03120BCB8BF005E8FFC /* Montserrat-Thin.otf in Resources */ = {isa = PBXBuildFile; fileRef = 8AE6BFFE20BCB8B6005E8FFC /* Montserrat-Thin.otf */; };
		8AE6C03220BCB8BF005E8FFC /* Montserrat-Medium.otf in Resources */ = {isa = PBXBuildFile; fileRef = 8AE6BFFF20BCB8B6005E8FFC /* Montserrat-Medium.otf */; };
		8AE6C03320BCB8BF005E8FFC /* Montserrat-Medium.otf in Resources */ = {isa = PBXBuildFile; fileRef = 8AE6BFFF20BCB8B6005E8FFC /* Montserrat-Medium.otf */; };
		8AE6C03420BCB8BF005E8FFC /* Montserrat-Medium.otf in Resources */ = {isa = PBXBuildFile; fileRef = 8AE6BFFF20BCB8B6005E8FFC /* Montserrat-Medium.otf */; };
		8AE6C03520BCB8BF005E8FFC /* MontserratAlternates-Black.otf in Resources */ = {isa = PBXBuildFile; fileRef = 8AE6C00020BCB8B7005E8FFC /* MontserratAlternates-Black.otf */; };
		8AE6C03620BCB8BF005E8FFC /* MontserratAlternates-Black.otf in Resources */ = {isa = PBXBuildFile; fileRef = 8AE6C00020BCB8B7005E8FFC /* MontserratAlternates-Black.otf */; };
		8AE6C03720BCB8BF005E8FFC /* MontserratAlternates-Black.otf in Resources */ = {isa = PBXBuildFile; fileRef = 8AE6C00020BCB8B7005E8FFC /* MontserratAlternates-Black.otf */; };
		8AE6C03820BCB8BF005E8FFC /* Montserrat-SemiBold.otf in Resources */ = {isa = PBXBuildFile; fileRef = 8AE6C00120BCB8B7005E8FFC /* Montserrat-SemiBold.otf */; };
		8AE6C03920BCB8BF005E8FFC /* Montserrat-SemiBold.otf in Resources */ = {isa = PBXBuildFile; fileRef = 8AE6C00120BCB8B7005E8FFC /* Montserrat-SemiBold.otf */; };
		8AE6C03A20BCB8BF005E8FFC /* Montserrat-SemiBold.otf in Resources */ = {isa = PBXBuildFile; fileRef = 8AE6C00120BCB8B7005E8FFC /* Montserrat-SemiBold.otf */; };
		8AE6C03B20BCB8BF005E8FFC /* MontserratAlternates-BlackItalic.otf in Resources */ = {isa = PBXBuildFile; fileRef = 8AE6C00220BCB8B7005E8FFC /* MontserratAlternates-BlackItalic.otf */; };
		8AE6C03C20BCB8BF005E8FFC /* MontserratAlternates-BlackItalic.otf in Resources */ = {isa = PBXBuildFile; fileRef = 8AE6C00220BCB8B7005E8FFC /* MontserratAlternates-BlackItalic.otf */; };
		8AE6C03D20BCB8BF005E8FFC /* MontserratAlternates-BlackItalic.otf in Resources */ = {isa = PBXBuildFile; fileRef = 8AE6C00220BCB8B7005E8FFC /* MontserratAlternates-BlackItalic.otf */; };
		8AE6C03E20BCB8BF005E8FFC /* Montserrat-ExtraBoldItalic.otf in Resources */ = {isa = PBXBuildFile; fileRef = 8AE6C00320BCB8B7005E8FFC /* Montserrat-ExtraBoldItalic.otf */; };
		8AE6C03F20BCB8BF005E8FFC /* Montserrat-ExtraBoldItalic.otf in Resources */ = {isa = PBXBuildFile; fileRef = 8AE6C00320BCB8B7005E8FFC /* Montserrat-ExtraBoldItalic.otf */; };
		8AE6C04020BCB8BF005E8FFC /* Montserrat-ExtraBoldItalic.otf in Resources */ = {isa = PBXBuildFile; fileRef = 8AE6C00320BCB8B7005E8FFC /* Montserrat-ExtraBoldItalic.otf */; };
		8AE6C04120BCB8BF005E8FFC /* MontserratAlternates-ExtraLightItalic.otf in Resources */ = {isa = PBXBuildFile; fileRef = 8AE6C00420BCB8B8005E8FFC /* MontserratAlternates-ExtraLightItalic.otf */; };
		8AE6C04220BCB8BF005E8FFC /* MontserratAlternates-ExtraLightItalic.otf in Resources */ = {isa = PBXBuildFile; fileRef = 8AE6C00420BCB8B8005E8FFC /* MontserratAlternates-ExtraLightItalic.otf */; };
		8AE6C04320BCB8BF005E8FFC /* MontserratAlternates-ExtraLightItalic.otf in Resources */ = {isa = PBXBuildFile; fileRef = 8AE6C00420BCB8B8005E8FFC /* MontserratAlternates-ExtraLightItalic.otf */; };
		8AE6C04420BCB8BF005E8FFC /* Montserrat-Light.otf in Resources */ = {isa = PBXBuildFile; fileRef = 8AE6C00520BCB8B8005E8FFC /* Montserrat-Light.otf */; };
		8AE6C04520BCB8BF005E8FFC /* Montserrat-Light.otf in Resources */ = {isa = PBXBuildFile; fileRef = 8AE6C00520BCB8B8005E8FFC /* Montserrat-Light.otf */; };
		8AE6C04620BCB8BF005E8FFC /* Montserrat-Light.otf in Resources */ = {isa = PBXBuildFile; fileRef = 8AE6C00520BCB8B8005E8FFC /* Montserrat-Light.otf */; };
		8AE6C04720BCB8BF005E8FFC /* MontserratAlternates-ThinItalic.otf in Resources */ = {isa = PBXBuildFile; fileRef = 8AE6C00620BCB8B8005E8FFC /* MontserratAlternates-ThinItalic.otf */; };
		8AE6C04820BCB8BF005E8FFC /* MontserratAlternates-ThinItalic.otf in Resources */ = {isa = PBXBuildFile; fileRef = 8AE6C00620BCB8B8005E8FFC /* MontserratAlternates-ThinItalic.otf */; };
		8AE6C04920BCB8BF005E8FFC /* MontserratAlternates-ThinItalic.otf in Resources */ = {isa = PBXBuildFile; fileRef = 8AE6C00620BCB8B8005E8FFC /* MontserratAlternates-ThinItalic.otf */; };
		8AE6C04A20BCB8BF005E8FFC /* Montserrat-ExtraBold.otf in Resources */ = {isa = PBXBuildFile; fileRef = 8AE6C00720BCB8B9005E8FFC /* Montserrat-ExtraBold.otf */; };
		8AE6C04B20BCB8BF005E8FFC /* Montserrat-ExtraBold.otf in Resources */ = {isa = PBXBuildFile; fileRef = 8AE6C00720BCB8B9005E8FFC /* Montserrat-ExtraBold.otf */; };
		8AE6C04C20BCB8BF005E8FFC /* Montserrat-ExtraBold.otf in Resources */ = {isa = PBXBuildFile; fileRef = 8AE6C00720BCB8B9005E8FFC /* Montserrat-ExtraBold.otf */; };
		8AE6C04D20BCB8BF005E8FFC /* Montserrat-Italic.otf in Resources */ = {isa = PBXBuildFile; fileRef = 8AE6C00820BCB8B9005E8FFC /* Montserrat-Italic.otf */; };
		8AE6C04E20BCB8BF005E8FFC /* Montserrat-Italic.otf in Resources */ = {isa = PBXBuildFile; fileRef = 8AE6C00820BCB8B9005E8FFC /* Montserrat-Italic.otf */; };
		8AE6C04F20BCB8BF005E8FFC /* Montserrat-Italic.otf in Resources */ = {isa = PBXBuildFile; fileRef = 8AE6C00820BCB8B9005E8FFC /* Montserrat-Italic.otf */; };
		8AE6C05020BCB8BF005E8FFC /* MontserratAlternates-ExtraBoldItalic.otf in Resources */ = {isa = PBXBuildFile; fileRef = 8AE6C00920BCB8B9005E8FFC /* MontserratAlternates-ExtraBoldItalic.otf */; };
		8AE6C05120BCB8BF005E8FFC /* MontserratAlternates-ExtraBoldItalic.otf in Resources */ = {isa = PBXBuildFile; fileRef = 8AE6C00920BCB8B9005E8FFC /* MontserratAlternates-ExtraBoldItalic.otf */; };
		8AE6C05220BCB8BF005E8FFC /* MontserratAlternates-ExtraBoldItalic.otf in Resources */ = {isa = PBXBuildFile; fileRef = 8AE6C00920BCB8B9005E8FFC /* MontserratAlternates-ExtraBoldItalic.otf */; };
		8AE6C05320BCB8BF005E8FFC /* MontserratAlternates-Light.otf in Resources */ = {isa = PBXBuildFile; fileRef = 8AE6C00A20BCB8B9005E8FFC /* MontserratAlternates-Light.otf */; };
		8AE6C05420BCB8BF005E8FFC /* MontserratAlternates-Light.otf in Resources */ = {isa = PBXBuildFile; fileRef = 8AE6C00A20BCB8B9005E8FFC /* MontserratAlternates-Light.otf */; };
		8AE6C05520BCB8BF005E8FFC /* MontserratAlternates-Light.otf in Resources */ = {isa = PBXBuildFile; fileRef = 8AE6C00A20BCB8B9005E8FFC /* MontserratAlternates-Light.otf */; };
		8AE6C05620BCB8BF005E8FFC /* MontserratAlternates-MediumItalic.otf in Resources */ = {isa = PBXBuildFile; fileRef = 8AE6C00B20BCB8BA005E8FFC /* MontserratAlternates-MediumItalic.otf */; };
		8AE6C05720BCB8BF005E8FFC /* MontserratAlternates-MediumItalic.otf in Resources */ = {isa = PBXBuildFile; fileRef = 8AE6C00B20BCB8BA005E8FFC /* MontserratAlternates-MediumItalic.otf */; };
		8AE6C05820BCB8BF005E8FFC /* MontserratAlternates-MediumItalic.otf in Resources */ = {isa = PBXBuildFile; fileRef = 8AE6C00B20BCB8BA005E8FFC /* MontserratAlternates-MediumItalic.otf */; };
		8AE6C05920BCB8BF005E8FFC /* MontserratAlternates-ExtraLight.otf in Resources */ = {isa = PBXBuildFile; fileRef = 8AE6C00C20BCB8BA005E8FFC /* MontserratAlternates-ExtraLight.otf */; };
		8AE6C05A20BCB8BF005E8FFC /* MontserratAlternates-ExtraLight.otf in Resources */ = {isa = PBXBuildFile; fileRef = 8AE6C00C20BCB8BA005E8FFC /* MontserratAlternates-ExtraLight.otf */; };
		8AE6C05B20BCB8BF005E8FFC /* MontserratAlternates-ExtraLight.otf in Resources */ = {isa = PBXBuildFile; fileRef = 8AE6C00C20BCB8BA005E8FFC /* MontserratAlternates-ExtraLight.otf */; };
		8AE6C05C20BCB8BF005E8FFC /* Montserrat-LightItalic.otf in Resources */ = {isa = PBXBuildFile; fileRef = 8AE6C00D20BCB8BA005E8FFC /* Montserrat-LightItalic.otf */; };
		8AE6C05D20BCB8BF005E8FFC /* Montserrat-LightItalic.otf in Resources */ = {isa = PBXBuildFile; fileRef = 8AE6C00D20BCB8BA005E8FFC /* Montserrat-LightItalic.otf */; };
		8AE6C05E20BCB8BF005E8FFC /* Montserrat-LightItalic.otf in Resources */ = {isa = PBXBuildFile; fileRef = 8AE6C00D20BCB8BA005E8FFC /* Montserrat-LightItalic.otf */; };
		8AE6C05F20BCB8BF005E8FFC /* Montserrat-Regular.otf in Resources */ = {isa = PBXBuildFile; fileRef = 8AE6C00E20BCB8BB005E8FFC /* Montserrat-Regular.otf */; };
		8AE6C06020BCB8BF005E8FFC /* Montserrat-Regular.otf in Resources */ = {isa = PBXBuildFile; fileRef = 8AE6C00E20BCB8BB005E8FFC /* Montserrat-Regular.otf */; };
		8AE6C06120BCB8BF005E8FFC /* Montserrat-Regular.otf in Resources */ = {isa = PBXBuildFile; fileRef = 8AE6C00E20BCB8BB005E8FFC /* Montserrat-Regular.otf */; };
		8AE6C06220BCB8BF005E8FFC /* Montserrat-SemiBoldItalic.otf in Resources */ = {isa = PBXBuildFile; fileRef = 8AE6C00F20BCB8BB005E8FFC /* Montserrat-SemiBoldItalic.otf */; };
		8AE6C06320BCB8BF005E8FFC /* Montserrat-SemiBoldItalic.otf in Resources */ = {isa = PBXBuildFile; fileRef = 8AE6C00F20BCB8BB005E8FFC /* Montserrat-SemiBoldItalic.otf */; };
		8AE6C06420BCB8BF005E8FFC /* Montserrat-SemiBoldItalic.otf in Resources */ = {isa = PBXBuildFile; fileRef = 8AE6C00F20BCB8BB005E8FFC /* Montserrat-SemiBoldItalic.otf */; };
		8AE6C06520BCB8BF005E8FFC /* MontserratAlternates-BoldItalic.otf in Resources */ = {isa = PBXBuildFile; fileRef = 8AE6C01020BCB8BB005E8FFC /* MontserratAlternates-BoldItalic.otf */; };
		8AE6C06620BCB8BF005E8FFC /* MontserratAlternates-BoldItalic.otf in Resources */ = {isa = PBXBuildFile; fileRef = 8AE6C01020BCB8BB005E8FFC /* MontserratAlternates-BoldItalic.otf */; };
		8AE6C06720BCB8BF005E8FFC /* MontserratAlternates-BoldItalic.otf in Resources */ = {isa = PBXBuildFile; fileRef = 8AE6C01020BCB8BB005E8FFC /* MontserratAlternates-BoldItalic.otf */; };
		8AE6C06820BCB8BF005E8FFC /* Montserrat-BoldItalic.otf in Resources */ = {isa = PBXBuildFile; fileRef = 8AE6C01120BCB8BB005E8FFC /* Montserrat-BoldItalic.otf */; };
		8AE6C06920BCB8BF005E8FFC /* Montserrat-BoldItalic.otf in Resources */ = {isa = PBXBuildFile; fileRef = 8AE6C01120BCB8BB005E8FFC /* Montserrat-BoldItalic.otf */; };
		8AE6C06A20BCB8BF005E8FFC /* Montserrat-BoldItalic.otf in Resources */ = {isa = PBXBuildFile; fileRef = 8AE6C01120BCB8BB005E8FFC /* Montserrat-BoldItalic.otf */; };
		8AE6C06B20BCB8BF005E8FFC /* MontserratAlternates-LightItalic.otf in Resources */ = {isa = PBXBuildFile; fileRef = 8AE6C01220BCB8BC005E8FFC /* MontserratAlternates-LightItalic.otf */; };
		8AE6C06C20BCB8BF005E8FFC /* MontserratAlternates-LightItalic.otf in Resources */ = {isa = PBXBuildFile; fileRef = 8AE6C01220BCB8BC005E8FFC /* MontserratAlternates-LightItalic.otf */; };
		8AE6C06D20BCB8BF005E8FFC /* MontserratAlternates-LightItalic.otf in Resources */ = {isa = PBXBuildFile; fileRef = 8AE6C01220BCB8BC005E8FFC /* MontserratAlternates-LightItalic.otf */; };
		8AE6C06E20BCB8BF005E8FFC /* MontserratAlternates-Regular.otf in Resources */ = {isa = PBXBuildFile; fileRef = 8AE6C01320BCB8BC005E8FFC /* MontserratAlternates-Regular.otf */; };
		8AE6C06F20BCB8BF005E8FFC /* MontserratAlternates-Regular.otf in Resources */ = {isa = PBXBuildFile; fileRef = 8AE6C01320BCB8BC005E8FFC /* MontserratAlternates-Regular.otf */; };
		8AE6C07020BCB8BF005E8FFC /* MontserratAlternates-Regular.otf in Resources */ = {isa = PBXBuildFile; fileRef = 8AE6C01320BCB8BC005E8FFC /* MontserratAlternates-Regular.otf */; };
		8AE6C07120BCB8BF005E8FFC /* MontserratAlternates-SemiBold.otf in Resources */ = {isa = PBXBuildFile; fileRef = 8AE6C01420BCB8BC005E8FFC /* MontserratAlternates-SemiBold.otf */; };
		8AE6C07220BCB8BF005E8FFC /* MontserratAlternates-SemiBold.otf in Resources */ = {isa = PBXBuildFile; fileRef = 8AE6C01420BCB8BC005E8FFC /* MontserratAlternates-SemiBold.otf */; };
		8AE6C07320BCB8BF005E8FFC /* MontserratAlternates-SemiBold.otf in Resources */ = {isa = PBXBuildFile; fileRef = 8AE6C01420BCB8BC005E8FFC /* MontserratAlternates-SemiBold.otf */; };
		8AE6C07420BCB8BF005E8FFC /* Montserrat-BlackItalic.otf in Resources */ = {isa = PBXBuildFile; fileRef = 8AE6C01520BCB8BC005E8FFC /* Montserrat-BlackItalic.otf */; };
		8AE6C07520BCB8BF005E8FFC /* Montserrat-BlackItalic.otf in Resources */ = {isa = PBXBuildFile; fileRef = 8AE6C01520BCB8BC005E8FFC /* Montserrat-BlackItalic.otf */; };
		8AE6C07620BCB8BF005E8FFC /* Montserrat-BlackItalic.otf in Resources */ = {isa = PBXBuildFile; fileRef = 8AE6C01520BCB8BC005E8FFC /* Montserrat-BlackItalic.otf */; };
		8AE6C07720BCB8BF005E8FFC /* MontserratAlternates-Bold.otf in Resources */ = {isa = PBXBuildFile; fileRef = 8AE6C01620BCB8BD005E8FFC /* MontserratAlternates-Bold.otf */; };
		8AE6C07820BCB8BF005E8FFC /* MontserratAlternates-Bold.otf in Resources */ = {isa = PBXBuildFile; fileRef = 8AE6C01620BCB8BD005E8FFC /* MontserratAlternates-Bold.otf */; };
		8AE6C07920BCB8BF005E8FFC /* MontserratAlternates-Bold.otf in Resources */ = {isa = PBXBuildFile; fileRef = 8AE6C01620BCB8BD005E8FFC /* MontserratAlternates-Bold.otf */; };
		8AE6C07A20BCB8BF005E8FFC /* MontserratAlternates-ExtraBold.otf in Resources */ = {isa = PBXBuildFile; fileRef = 8AE6C01720BCB8BD005E8FFC /* MontserratAlternates-ExtraBold.otf */; };
		8AE6C07B20BCB8BF005E8FFC /* MontserratAlternates-ExtraBold.otf in Resources */ = {isa = PBXBuildFile; fileRef = 8AE6C01720BCB8BD005E8FFC /* MontserratAlternates-ExtraBold.otf */; };
		8AE6C07C20BCB8BF005E8FFC /* MontserratAlternates-ExtraBold.otf in Resources */ = {isa = PBXBuildFile; fileRef = 8AE6C01720BCB8BD005E8FFC /* MontserratAlternates-ExtraBold.otf */; };
		8AE6C07D20BCB8BF005E8FFC /* MontserratAlternates-Italic.otf in Resources */ = {isa = PBXBuildFile; fileRef = 8AE6C01820BCB8BD005E8FFC /* MontserratAlternates-Italic.otf */; };
		8AE6C07E20BCB8BF005E8FFC /* MontserratAlternates-Italic.otf in Resources */ = {isa = PBXBuildFile; fileRef = 8AE6C01820BCB8BD005E8FFC /* MontserratAlternates-Italic.otf */; };
		8AE6C07F20BCB8BF005E8FFC /* MontserratAlternates-Italic.otf in Resources */ = {isa = PBXBuildFile; fileRef = 8AE6C01820BCB8BD005E8FFC /* MontserratAlternates-Italic.otf */; };
		8AE6C08020BCB8BF005E8FFC /* MontserratAlternates-Thin.otf in Resources */ = {isa = PBXBuildFile; fileRef = 8AE6C01920BCB8BE005E8FFC /* MontserratAlternates-Thin.otf */; };
		8AE6C08120BCB8BF005E8FFC /* MontserratAlternates-Thin.otf in Resources */ = {isa = PBXBuildFile; fileRef = 8AE6C01920BCB8BE005E8FFC /* MontserratAlternates-Thin.otf */; };
		8AE6C08220BCB8BF005E8FFC /* MontserratAlternates-Thin.otf in Resources */ = {isa = PBXBuildFile; fileRef = 8AE6C01920BCB8BE005E8FFC /* MontserratAlternates-Thin.otf */; };
		8AE6C08320BCB8BF005E8FFC /* SIL Open Font License.txt in Resources */ = {isa = PBXBuildFile; fileRef = 8AE6C01A20BCB8BE005E8FFC /* SIL Open Font License.txt */; };
		8AE6C08420BCB8BF005E8FFC /* SIL Open Font License.txt in Resources */ = {isa = PBXBuildFile; fileRef = 8AE6C01A20BCB8BE005E8FFC /* SIL Open Font License.txt */; };
		8AE6C08520BCB8BF005E8FFC /* SIL Open Font License.txt in Resources */ = {isa = PBXBuildFile; fileRef = 8AE6C01A20BCB8BE005E8FFC /* SIL Open Font License.txt */; };
		8AE6C08620BCB8BF005E8FFC /* MontserratAlternates-SemiBoldItalic.otf in Resources */ = {isa = PBXBuildFile; fileRef = 8AE6C01B20BCB8BE005E8FFC /* MontserratAlternates-SemiBoldItalic.otf */; };
		8AE6C08720BCB8BF005E8FFC /* MontserratAlternates-SemiBoldItalic.otf in Resources */ = {isa = PBXBuildFile; fileRef = 8AE6C01B20BCB8BE005E8FFC /* MontserratAlternates-SemiBoldItalic.otf */; };
		8AE6C08820BCB8BF005E8FFC /* MontserratAlternates-SemiBoldItalic.otf in Resources */ = {isa = PBXBuildFile; fileRef = 8AE6C01B20BCB8BE005E8FFC /* MontserratAlternates-SemiBoldItalic.otf */; };
		8AE6C08920BCB8BF005E8FFC /* MontserratAlternates-Medium.otf in Resources */ = {isa = PBXBuildFile; fileRef = 8AE6C01C20BCB8BF005E8FFC /* MontserratAlternates-Medium.otf */; };
		8AE6C08A20BCB8BF005E8FFC /* MontserratAlternates-Medium.otf in Resources */ = {isa = PBXBuildFile; fileRef = 8AE6C01C20BCB8BF005E8FFC /* MontserratAlternates-Medium.otf */; };
		8AE6C08B20BCB8BF005E8FFC /* MontserratAlternates-Medium.otf in Resources */ = {isa = PBXBuildFile; fileRef = 8AE6C01C20BCB8BF005E8FFC /* MontserratAlternates-Medium.otf */; };
		8AE6C08C20BCD541005E8FFC /* AppColors.swift in Sources */ = {isa = PBXBuildFile; fileRef = 8AE6BFE020B7B40C005E8FFC /* AppColors.swift */; };
		8AE6C08D20BCD541005E8FFC /* AppColors.swift in Sources */ = {isa = PBXBuildFile; fileRef = 8AE6BFE020B7B40C005E8FFC /* AppColors.swift */; };
		8AE6C09120BCFBB1005E8FFC /* PageCell_Tests.swift in Sources */ = {isa = PBXBuildFile; fileRef = 8AE6C09020BCFBB1005E8FFC /* PageCell_Tests.swift */; };
/* End PBXBuildFile section */

/* Begin PBXContainerItemProxy section */
		8AC4B0B220B3AE28001D98B1 /* PBXContainerItemProxy */ = {
			isa = PBXContainerItemProxy;
			containerPortal = 8AC4B09520B3AE26001D98B1 /* Project object */;
			proxyType = 1;
			remoteGlobalIDString = 8AC4B09C20B3AE26001D98B1;
			remoteInfo = "Clicks!";
		};
		8AC4B0BD20B3AE28001D98B1 /* PBXContainerItemProxy */ = {
			isa = PBXContainerItemProxy;
			containerPortal = 8AC4B09520B3AE26001D98B1 /* Project object */;
			proxyType = 1;
			remoteGlobalIDString = 8AC4B09C20B3AE26001D98B1;
			remoteInfo = "Clicks!";
		};
/* End PBXContainerItemProxy section */

/* Begin PBXFileReference section */
		08DF49C720BE5130004D4057 /* AppDelegateHelper.swift */ = {isa = PBXFileReference; lastKnownFileType = sourcecode.swift; path = AppDelegateHelper.swift; sourceTree = "<group>"; };
		08DF49C920BE53A3004D4057 /* HorizontalScrollFlowLayout.swift */ = {isa = PBXFileReference; lastKnownFileType = sourcecode.swift; path = HorizontalScrollFlowLayout.swift; sourceTree = "<group>"; };
		8A1853B920BDAFFE00DC179B /* OnboardingPresenter_Tests.swift */ = {isa = PBXFileReference; lastKnownFileType = sourcecode.swift; path = OnboardingPresenter_Tests.swift; sourceTree = "<group>"; };
		8A1853BC20BDC7E300DC179B /* AppColors_Tests.swift */ = {isa = PBXFileReference; lastKnownFileType = sourcecode.swift; path = AppColors_Tests.swift; sourceTree = "<group>"; };
		8A1853BF20BDCDCD00DC179B /* Challenge_Tests.swift */ = {isa = PBXFileReference; lastKnownFileType = sourcecode.swift; path = Challenge_Tests.swift; sourceTree = "<group>"; };
		8A1853C220BDCE3D00DC179B /* User_Tests.swift */ = {isa = PBXFileReference; lastKnownFileType = sourcecode.swift; path = User_Tests.swift; sourceTree = "<group>"; };
		8A1853C420BDCE7B00DC179B /* Photo_Tests.swift */ = {isa = PBXFileReference; lastKnownFileType = sourcecode.swift; path = Photo_Tests.swift; sourceTree = "<group>"; };
		8A1DB54920CF83A30094CC95 /* File.swift */ = {isa = PBXFileReference; lastKnownFileType = sourcecode.swift; path = File.swift; sourceTree = "<group>"; };
		8A1DB54E20CF85570094CC95 /* MainScreen.xib */ = {isa = PBXFileReference; lastKnownFileType = file.xib; path = MainScreen.xib; sourceTree = "<group>"; };
		8A1DB55320CF87FC0094CC95 /* MainScreenPresenter.swift */ = {isa = PBXFileReference; lastKnownFileType = sourcecode.swift; path = MainScreenPresenter.swift; sourceTree = "<group>"; };
		8A1DB55420CF87FC0094CC95 /* MainScreenWorker.swift */ = {isa = PBXFileReference; lastKnownFileType = sourcecode.swift; path = MainScreenWorker.swift; sourceTree = "<group>"; };
		8A1DB55520CF87FC0094CC95 /* MainScreenRouter.swift */ = {isa = PBXFileReference; lastKnownFileType = sourcecode.swift; path = MainScreenRouter.swift; sourceTree = "<group>"; };
		8A1DB55620CF87FC0094CC95 /* MainScreenModels.swift */ = {isa = PBXFileReference; lastKnownFileType = sourcecode.swift; path = MainScreenModels.swift; sourceTree = "<group>"; };
		8A1DB55720CF87FC0094CC95 /* MainScreenView.swift */ = {isa = PBXFileReference; lastKnownFileType = sourcecode.swift; path = MainScreenView.swift; sourceTree = "<group>"; };
		8A1DB55820CF87FC0094CC95 /* MainScreenInteractor.swift */ = {isa = PBXFileReference; lastKnownFileType = sourcecode.swift; path = MainScreenInteractor.swift; sourceTree = "<group>"; };
		8A2F559020C9819B007E29E8 /* HomeScreen.storyboard */ = {isa = PBXFileReference; lastKnownFileType = file.storyboard; path = HomeScreen.storyboard; sourceTree = "<group>"; };
		8A6256AB20B690CB0032195E /* Photo.swift */ = {isa = PBXFileReference; lastKnownFileType = sourcecode.swift; path = Photo.swift; sourceTree = "<group>"; };
		8A6256AD20B691620032195E /* User.swift */ = {isa = PBXFileReference; lastKnownFileType = sourcecode.swift; path = User.swift; sourceTree = "<group>"; };
		8A6256B520B790E40032195E /* OnboardingRouter.swift */ = {isa = PBXFileReference; lastKnownFileType = sourcecode.swift; path = OnboardingRouter.swift; sourceTree = "<group>"; };
		8A6256B720B790E40032195E /* OnboardingViewController.swift */ = {isa = PBXFileReference; lastKnownFileType = sourcecode.swift; path = OnboardingViewController.swift; sourceTree = "<group>"; };
		8A6256B820B790E40032195E /* OnboardingPresenter.swift */ = {isa = PBXFileReference; lastKnownFileType = sourcecode.swift; path = OnboardingPresenter.swift; sourceTree = "<group>"; };
		8A658F0E20C8CA990062F0C4 /* OnboardingViewController_UITests.swift */ = {isa = PBXFileReference; lastKnownFileType = sourcecode.swift; path = OnboardingViewController_UITests.swift; sourceTree = "<group>"; };
		8A6EF3E320CA160F0006C80A /* HomeViewController_Tests.swift */ = {isa = PBXFileReference; lastKnownFileType = sourcecode.swift; path = HomeViewController_Tests.swift; sourceTree = "<group>"; };
		8AAA2BD020BE4F19007F2EA4 /* Formatter+iso8601.swift */ = {isa = PBXFileReference; lastKnownFileType = sourcecode.swift; path = "Formatter+iso8601.swift"; sourceTree = "<group>"; };
		8AC4B09D20B3AE26001D98B1 /* Clicks!.app */ = {isa = PBXFileReference; explicitFileType = wrapper.application; includeInIndex = 0; path = "Clicks!.app"; sourceTree = BUILT_PRODUCTS_DIR; };
		8AC4B0A020B3AE26001D98B1 /* AppDelegate.swift */ = {isa = PBXFileReference; lastKnownFileType = sourcecode.swift; path = AppDelegate.swift; sourceTree = "<group>"; };
		8AC4B0A720B3AE28001D98B1 /* Assets.xcassets */ = {isa = PBXFileReference; lastKnownFileType = folder.assetcatalog; path = Assets.xcassets; sourceTree = "<group>"; };
		8AC4B0AC20B3AE28001D98B1 /* Info.plist */ = {isa = PBXFileReference; lastKnownFileType = text.plist.xml; path = Info.plist; sourceTree = "<group>"; };
		8AC4B0B120B3AE28001D98B1 /* Clicks!Tests.xctest */ = {isa = PBXFileReference; explicitFileType = wrapper.cfbundle; includeInIndex = 0; path = "Clicks!Tests.xctest"; sourceTree = BUILT_PRODUCTS_DIR; };
		8AC4B0B720B3AE28001D98B1 /* Info.plist */ = {isa = PBXFileReference; lastKnownFileType = text.plist.xml; path = Info.plist; sourceTree = "<group>"; };
		8AC4B0BC20B3AE28001D98B1 /* Clicks!UITests.xctest */ = {isa = PBXFileReference; explicitFileType = wrapper.cfbundle; includeInIndex = 0; path = "Clicks!UITests.xctest"; sourceTree = BUILT_PRODUCTS_DIR; };
		8AC4B0C220B3AE28001D98B1 /* Info.plist */ = {isa = PBXFileReference; lastKnownFileType = text.plist.xml; path = Info.plist; sourceTree = "<group>"; };
		8AC4B0E520B683F0001D98B1 /* HomeViewController.swift */ = {isa = PBXFileReference; lastKnownFileType = sourcecode.swift; path = HomeViewController.swift; sourceTree = "<group>"; };
		8AC4B0F920B687EE001D98B1 /* Challenge.swift */ = {isa = PBXFileReference; lastKnownFileType = sourcecode.swift; path = Challenge.swift; sourceTree = "<group>"; };
		8ACD434C20C8BB7A00594046 /* OnboardingViewController_Tests.swift */ = {isa = PBXFileReference; lastKnownFileType = sourcecode.swift; path = OnboardingViewController_Tests.swift; sourceTree = "<group>"; };
		8AE6BFE020B7B40C005E8FFC /* AppColors.swift */ = {isa = PBXFileReference; lastKnownFileType = sourcecode.swift; path = AppColors.swift; sourceTree = "<group>"; };
		8AE6BFE320B7BA4D005E8FFC /* OnboardingModels.swift */ = {isa = PBXFileReference; fileEncoding = 4; lastKnownFileType = sourcecode.swift; path = OnboardingModels.swift; sourceTree = "<group>"; };
		8AE6BFE720B7BFC1005E8FFC /* PageCell.swift */ = {isa = PBXFileReference; lastKnownFileType = sourcecode.swift; path = PageCell.swift; sourceTree = "<group>"; };
		8AE6BFF320B7E078005E8FFC /* en */ = {isa = PBXFileReference; lastKnownFileType = text.plist.strings; name = en; path = en.lproj/Localizable.strings; sourceTree = "<group>"; };
		8AE6BFF520B7E07D005E8FFC /* pt-BR */ = {isa = PBXFileReference; lastKnownFileType = text.plist.strings; name = "pt-BR"; path = "pt-BR.lproj/Localizable.strings"; sourceTree = "<group>"; };
		8AE6BFF820BCB8B4005E8FFC /* Montserrat-MediumItalic.otf */ = {isa = PBXFileReference; lastKnownFileType = file; path = "Montserrat-MediumItalic.otf"; sourceTree = "<group>"; };
		8AE6BFF920BCB8B4005E8FFC /* Montserrat-Bold.otf */ = {isa = PBXFileReference; lastKnownFileType = file; path = "Montserrat-Bold.otf"; sourceTree = "<group>"; };
		8AE6BFFA20BCB8B4005E8FFC /* Montserrat-ThinItalic.otf */ = {isa = PBXFileReference; lastKnownFileType = file; path = "Montserrat-ThinItalic.otf"; sourceTree = "<group>"; };
		8AE6BFFB20BCB8B5005E8FFC /* Montserrat-ExtraLightItalic.otf */ = {isa = PBXFileReference; lastKnownFileType = file; path = "Montserrat-ExtraLightItalic.otf"; sourceTree = "<group>"; };
		8AE6BFFC20BCB8B5005E8FFC /* Montserrat-ExtraLight.otf */ = {isa = PBXFileReference; lastKnownFileType = file; path = "Montserrat-ExtraLight.otf"; sourceTree = "<group>"; };
		8AE6BFFD20BCB8B6005E8FFC /* Montserrat-Black.otf */ = {isa = PBXFileReference; lastKnownFileType = file; path = "Montserrat-Black.otf"; sourceTree = "<group>"; };
		8AE6BFFE20BCB8B6005E8FFC /* Montserrat-Thin.otf */ = {isa = PBXFileReference; lastKnownFileType = file; path = "Montserrat-Thin.otf"; sourceTree = "<group>"; };
		8AE6BFFF20BCB8B6005E8FFC /* Montserrat-Medium.otf */ = {isa = PBXFileReference; lastKnownFileType = file; path = "Montserrat-Medium.otf"; sourceTree = "<group>"; };
		8AE6C00020BCB8B7005E8FFC /* MontserratAlternates-Black.otf */ = {isa = PBXFileReference; lastKnownFileType = file; path = "MontserratAlternates-Black.otf"; sourceTree = "<group>"; };
		8AE6C00120BCB8B7005E8FFC /* Montserrat-SemiBold.otf */ = {isa = PBXFileReference; lastKnownFileType = file; path = "Montserrat-SemiBold.otf"; sourceTree = "<group>"; };
		8AE6C00220BCB8B7005E8FFC /* MontserratAlternates-BlackItalic.otf */ = {isa = PBXFileReference; lastKnownFileType = file; path = "MontserratAlternates-BlackItalic.otf"; sourceTree = "<group>"; };
		8AE6C00320BCB8B7005E8FFC /* Montserrat-ExtraBoldItalic.otf */ = {isa = PBXFileReference; lastKnownFileType = file; path = "Montserrat-ExtraBoldItalic.otf"; sourceTree = "<group>"; };
		8AE6C00420BCB8B8005E8FFC /* MontserratAlternates-ExtraLightItalic.otf */ = {isa = PBXFileReference; lastKnownFileType = file; path = "MontserratAlternates-ExtraLightItalic.otf"; sourceTree = "<group>"; };
		8AE6C00520BCB8B8005E8FFC /* Montserrat-Light.otf */ = {isa = PBXFileReference; lastKnownFileType = file; path = "Montserrat-Light.otf"; sourceTree = "<group>"; };
		8AE6C00620BCB8B8005E8FFC /* MontserratAlternates-ThinItalic.otf */ = {isa = PBXFileReference; lastKnownFileType = file; path = "MontserratAlternates-ThinItalic.otf"; sourceTree = "<group>"; };
		8AE6C00720BCB8B9005E8FFC /* Montserrat-ExtraBold.otf */ = {isa = PBXFileReference; lastKnownFileType = file; path = "Montserrat-ExtraBold.otf"; sourceTree = "<group>"; };
		8AE6C00820BCB8B9005E8FFC /* Montserrat-Italic.otf */ = {isa = PBXFileReference; lastKnownFileType = file; path = "Montserrat-Italic.otf"; sourceTree = "<group>"; };
		8AE6C00920BCB8B9005E8FFC /* MontserratAlternates-ExtraBoldItalic.otf */ = {isa = PBXFileReference; lastKnownFileType = file; path = "MontserratAlternates-ExtraBoldItalic.otf"; sourceTree = "<group>"; };
		8AE6C00A20BCB8B9005E8FFC /* MontserratAlternates-Light.otf */ = {isa = PBXFileReference; lastKnownFileType = file; path = "MontserratAlternates-Light.otf"; sourceTree = "<group>"; };
		8AE6C00B20BCB8BA005E8FFC /* MontserratAlternates-MediumItalic.otf */ = {isa = PBXFileReference; lastKnownFileType = file; path = "MontserratAlternates-MediumItalic.otf"; sourceTree = "<group>"; };
		8AE6C00C20BCB8BA005E8FFC /* MontserratAlternates-ExtraLight.otf */ = {isa = PBXFileReference; lastKnownFileType = file; path = "MontserratAlternates-ExtraLight.otf"; sourceTree = "<group>"; };
		8AE6C00D20BCB8BA005E8FFC /* Montserrat-LightItalic.otf */ = {isa = PBXFileReference; lastKnownFileType = file; path = "Montserrat-LightItalic.otf"; sourceTree = "<group>"; };
		8AE6C00E20BCB8BB005E8FFC /* Montserrat-Regular.otf */ = {isa = PBXFileReference; lastKnownFileType = file; path = "Montserrat-Regular.otf"; sourceTree = "<group>"; };
		8AE6C00F20BCB8BB005E8FFC /* Montserrat-SemiBoldItalic.otf */ = {isa = PBXFileReference; lastKnownFileType = file; path = "Montserrat-SemiBoldItalic.otf"; sourceTree = "<group>"; };
		8AE6C01020BCB8BB005E8FFC /* MontserratAlternates-BoldItalic.otf */ = {isa = PBXFileReference; lastKnownFileType = file; path = "MontserratAlternates-BoldItalic.otf"; sourceTree = "<group>"; };
		8AE6C01120BCB8BB005E8FFC /* Montserrat-BoldItalic.otf */ = {isa = PBXFileReference; lastKnownFileType = file; path = "Montserrat-BoldItalic.otf"; sourceTree = "<group>"; };
		8AE6C01220BCB8BC005E8FFC /* MontserratAlternates-LightItalic.otf */ = {isa = PBXFileReference; lastKnownFileType = file; path = "MontserratAlternates-LightItalic.otf"; sourceTree = "<group>"; };
		8AE6C01320BCB8BC005E8FFC /* MontserratAlternates-Regular.otf */ = {isa = PBXFileReference; lastKnownFileType = file; path = "MontserratAlternates-Regular.otf"; sourceTree = "<group>"; };
		8AE6C01420BCB8BC005E8FFC /* MontserratAlternates-SemiBold.otf */ = {isa = PBXFileReference; lastKnownFileType = file; path = "MontserratAlternates-SemiBold.otf"; sourceTree = "<group>"; };
		8AE6C01520BCB8BC005E8FFC /* Montserrat-BlackItalic.otf */ = {isa = PBXFileReference; lastKnownFileType = file; path = "Montserrat-BlackItalic.otf"; sourceTree = "<group>"; };
		8AE6C01620BCB8BD005E8FFC /* MontserratAlternates-Bold.otf */ = {isa = PBXFileReference; lastKnownFileType = file; path = "MontserratAlternates-Bold.otf"; sourceTree = "<group>"; };
		8AE6C01720BCB8BD005E8FFC /* MontserratAlternates-ExtraBold.otf */ = {isa = PBXFileReference; lastKnownFileType = file; path = "MontserratAlternates-ExtraBold.otf"; sourceTree = "<group>"; };
		8AE6C01820BCB8BD005E8FFC /* MontserratAlternates-Italic.otf */ = {isa = PBXFileReference; lastKnownFileType = file; path = "MontserratAlternates-Italic.otf"; sourceTree = "<group>"; };
		8AE6C01920BCB8BE005E8FFC /* MontserratAlternates-Thin.otf */ = {isa = PBXFileReference; lastKnownFileType = file; path = "MontserratAlternates-Thin.otf"; sourceTree = "<group>"; };
		8AE6C01A20BCB8BE005E8FFC /* SIL Open Font License.txt */ = {isa = PBXFileReference; fileEncoding = 4; lastKnownFileType = text; path = "SIL Open Font License.txt"; sourceTree = "<group>"; };
		8AE6C01B20BCB8BE005E8FFC /* MontserratAlternates-SemiBoldItalic.otf */ = {isa = PBXFileReference; lastKnownFileType = file; path = "MontserratAlternates-SemiBoldItalic.otf"; sourceTree = "<group>"; };
		8AE6C01C20BCB8BF005E8FFC /* MontserratAlternates-Medium.otf */ = {isa = PBXFileReference; lastKnownFileType = file; path = "MontserratAlternates-Medium.otf"; sourceTree = "<group>"; };
		8AE6C09020BCFBB1005E8FFC /* PageCell_Tests.swift */ = {isa = PBXFileReference; lastKnownFileType = sourcecode.swift; path = PageCell_Tests.swift; sourceTree = "<group>"; };
/* End PBXFileReference section */

/* Begin PBXFrameworksBuildPhase section */
		8AC4B09A20B3AE26001D98B1 /* Frameworks */ = {
			isa = PBXFrameworksBuildPhase;
			buildActionMask = 2147483647;
			files = (
			);
			runOnlyForDeploymentPostprocessing = 0;
		};
		8AC4B0AE20B3AE28001D98B1 /* Frameworks */ = {
			isa = PBXFrameworksBuildPhase;
			buildActionMask = 2147483647;
			files = (
			);
			runOnlyForDeploymentPostprocessing = 0;
		};
		8AC4B0B920B3AE28001D98B1 /* Frameworks */ = {
			isa = PBXFrameworksBuildPhase;
			buildActionMask = 2147483647;
			files = (
			);
			runOnlyForDeploymentPostprocessing = 0;
		};
/* End PBXFrameworksBuildPhase section */

/* Begin PBXGroup section */
		08DF49C620BE50EC004D4057 /* Managers */ = {
			isa = PBXGroup;
			children = (
				08DF49C720BE5130004D4057 /* AppDelegateHelper.swift */,
			);
			path = Managers;
			sourceTree = "<group>";
		};
		08DF49CB20BE5721004D4057 /* Core */ = {
			isa = PBXGroup;
			children = (
				8AC4B0A020B3AE26001D98B1 /* AppDelegate.swift */,
				8AC4B0AC20B3AE28001D98B1 /* Info.plist */,
			);
			path = Core;
			sourceTree = "<group>";
		};
		08DF49CC20BE575D004D4057 /* Storyboards */ = {
			isa = PBXGroup;
			children = (
				8A1DB54D20CF85040094CC95 /* MainScreen */,
				8A2F558F20C98164007E29E8 /* Home */,
			);
			path = Storyboards;
			sourceTree = "<group>";
		};
		08DF49CD20BE5786004D4057 /* Assets */ = {
			isa = PBXGroup;
			children = (
				8AC4B0A720B3AE28001D98B1 /* Assets.xcassets */,
				8AE6BFF620BCB893005E8FFC /* Fonts */,
				8AE6BFF420B7E078005E8FFC /* Localizable.strings */,
			);
			path = Assets;
			sourceTree = "<group>";
		};
		08DF49CF20BE5E56004D4057 /* Layouts */ = {
			isa = PBXGroup;
			children = (
				08DF49C920BE53A3004D4057 /* HorizontalScrollFlowLayout.swift */,
			);
			path = Layouts;
			sourceTree = "<group>";
		};
		08DF49D020BE5E76004D4057 /* Extensions */ = {
			isa = PBXGroup;
			children = (
				8AE6BFE020B7B40C005E8FFC /* AppColors.swift */,
				8AAA2BD020BE4F19007F2EA4 /* Formatter+iso8601.swift */,
				8A1DB54920CF83A30094CC95 /* File.swift */,
			);
			path = Extensions;
			sourceTree = "<group>";
		};
		8A1853BB20BDC7B000DC179B /* Utils */ = {
			isa = PBXGroup;
			children = (
				8A1853BC20BDC7E300DC179B /* AppColors_Tests.swift */,
			);
			path = Utils;
			sourceTree = "<group>";
		};
		8A1853BE20BDCDAC00DC179B /* Models */ = {
			isa = PBXGroup;
			children = (
				8A1853BF20BDCDCD00DC179B /* Challenge_Tests.swift */,
				8A1853C220BDCE3D00DC179B /* User_Tests.swift */,
				8A1853C420BDCE7B00DC179B /* Photo_Tests.swift */,
			);
			path = Models;
			sourceTree = "<group>";
		};
		8A1DB54520CE1D010094CC95 /* Onboarding */ = {
			isa = PBXGroup;
			children = (
				8A658F0E20C8CA990062F0C4 /* OnboardingViewController_UITests.swift */,
			);
			path = Onboarding;
			sourceTree = "<group>";
		};
		8A1DB54D20CF85040094CC95 /* MainScreen */ = {
			isa = PBXGroup;
			children = (
				8A1DB54E20CF85570094CC95 /* MainScreen.xib */,
			);
			path = MainScreen;
			sourceTree = "<group>";
		};
		8A1DB55220CF87740094CC95 /* MainScreen */ = {
			isa = PBXGroup;
			children = (
				8A1DB55320CF87FC0094CC95 /* MainScreenPresenter.swift */,
				8A1DB55420CF87FC0094CC95 /* MainScreenWorker.swift */,
				8A1DB55520CF87FC0094CC95 /* MainScreenRouter.swift */,
				8A1DB55620CF87FC0094CC95 /* MainScreenModels.swift */,
				8A1DB55720CF87FC0094CC95 /* MainScreenView.swift */,
				8A1DB55820CF87FC0094CC95 /* MainScreenInteractor.swift */,
			);
			path = MainScreen;
			sourceTree = "<group>";
		};
		8A2F558F20C98164007E29E8 /* Home */ = {
			isa = PBXGroup;
			children = (
				8A2F559020C9819B007E29E8 /* HomeScreen.storyboard */,
			);
			path = Home;
			sourceTree = "<group>";
		};
		8A6256B220B790BD0032195E /* Onboarding */ = {
			isa = PBXGroup;
			children = (
				8AE6BFE320B7BA4D005E8FFC /* OnboardingModels.swift */,
				8A6256B520B790E40032195E /* OnboardingRouter.swift */,
				8A6256B720B790E40032195E /* OnboardingViewController.swift */,
				8A6256B820B790E40032195E /* OnboardingPresenter.swift */,
				8AE6BFE720B7BFC1005E8FFC /* PageCell.swift */,
			);
			path = Onboarding;
			sourceTree = "<group>";
		};
		8A658F0D20C8CA730062F0C4 /* Scenes */ = {
			isa = PBXGroup;
			children = (
				8A1DB54520CE1D010094CC95 /* Onboarding */,
			);
			path = Scenes;
			sourceTree = "<group>";
		};
		8A6EF3E220CA15F60006C80A /* Home */ = {
			isa = PBXGroup;
			children = (
				8A6EF3E320CA160F0006C80A /* HomeViewController_Tests.swift */,
			);
			path = Home;
			sourceTree = "<group>";
		};
		8AC4B09420B3AE26001D98B1 = {
			isa = PBXGroup;
			children = (
				8AC4B09F20B3AE26001D98B1 /* Clicks! */,
				8AC4B0B420B3AE28001D98B1 /* Clicks!Tests */,
				8AC4B0BF20B3AE28001D98B1 /* Clicks!UITests */,
				8AC4B09E20B3AE26001D98B1 /* Products */,
			);
			sourceTree = "<group>";
		};
		8AC4B09E20B3AE26001D98B1 /* Products */ = {
			isa = PBXGroup;
			children = (
				8AC4B09D20B3AE26001D98B1 /* Clicks!.app */,
				8AC4B0B120B3AE28001D98B1 /* Clicks!Tests.xctest */,
				8AC4B0BC20B3AE28001D98B1 /* Clicks!UITests.xctest */,
			);
			name = Products;
			sourceTree = "<group>";
		};
		8AC4B09F20B3AE26001D98B1 /* Clicks! */ = {
			isa = PBXGroup;
			children = (
				08DF49CB20BE5721004D4057 /* Core */,
				8AE6BFDF20B7B3F0005E8FFC /* Utils */,
				8AC4B0D320B67C02001D98B1 /* Models */,
				8AC4B0D020B67ABE001D98B1 /* Scenes */,
				08DF49CC20BE575D004D4057 /* Storyboards */,
				08DF49CD20BE5786004D4057 /* Assets */,
			);
			path = "Clicks!";
			sourceTree = "<group>";
		};
		8AC4B0B420B3AE28001D98B1 /* Clicks!Tests */ = {
			isa = PBXGroup;
			children = (
				8AC4B0B720B3AE28001D98B1 /* Info.plist */,
				8A1853BE20BDCDAC00DC179B /* Models */,
				8A1853BB20BDC7B000DC179B /* Utils */,
				8AE6C08E20BCFB67005E8FFC /* Scenes */,
			);
			path = "Clicks!Tests";
			sourceTree = "<group>";
		};
		8AC4B0BF20B3AE28001D98B1 /* Clicks!UITests */ = {
			isa = PBXGroup;
			children = (
				8A658F0D20C8CA730062F0C4 /* Scenes */,
				8AC4B0C220B3AE28001D98B1 /* Info.plist */,
			);
			path = "Clicks!UITests";
			sourceTree = "<group>";
		};
		8AC4B0D020B67ABE001D98B1 /* Scenes */ = {
			isa = PBXGroup;
			children = (
				8A1DB55220CF87740094CC95 /* MainScreen */,
				8A6256B220B790BD0032195E /* Onboarding */,
				8AC4B0D420B680F4001D98B1 /* Home */,
			);
			path = Scenes;
			sourceTree = "<group>";
		};
		8AC4B0D320B67C02001D98B1 /* Models */ = {
			isa = PBXGroup;
			children = (
				8AC4B0F920B687EE001D98B1 /* Challenge.swift */,
				8A6256AB20B690CB0032195E /* Photo.swift */,
				8A6256AD20B691620032195E /* User.swift */,
			);
			path = Models;
			sourceTree = "<group>";
		};
		8AC4B0D420B680F4001D98B1 /* Home */ = {
			isa = PBXGroup;
			children = (
				8AC4B0E520B683F0001D98B1 /* HomeViewController.swift */,
			);
			path = Home;
			sourceTree = "<group>";
		};
		8AE6BFDF20B7B3F0005E8FFC /* Utils */ = {
			isa = PBXGroup;
			children = (
				08DF49D020BE5E76004D4057 /* Extensions */,
				08DF49CF20BE5E56004D4057 /* Layouts */,
				08DF49C620BE50EC004D4057 /* Managers */,
			);
			path = Utils;
			sourceTree = "<group>";
		};
		8AE6BFF620BCB893005E8FFC /* Fonts */ = {
			isa = PBXGroup;
			children = (
				8AE6BFF720BCB8A1005E8FFC /* Montserrat */,
			);
			path = Fonts;
			sourceTree = "<group>";
		};
		8AE6BFF720BCB8A1005E8FFC /* Montserrat */ = {
			isa = PBXGroup;
			children = (
				8AE6BFFD20BCB8B6005E8FFC /* Montserrat-Black.otf */,
				8AE6C01520BCB8BC005E8FFC /* Montserrat-BlackItalic.otf */,
				8AE6BFF920BCB8B4005E8FFC /* Montserrat-Bold.otf */,
				8AE6C01120BCB8BB005E8FFC /* Montserrat-BoldItalic.otf */,
				8AE6C00720BCB8B9005E8FFC /* Montserrat-ExtraBold.otf */,
				8AE6C00320BCB8B7005E8FFC /* Montserrat-ExtraBoldItalic.otf */,
				8AE6BFFC20BCB8B5005E8FFC /* Montserrat-ExtraLight.otf */,
				8AE6BFFB20BCB8B5005E8FFC /* Montserrat-ExtraLightItalic.otf */,
				8AE6C00820BCB8B9005E8FFC /* Montserrat-Italic.otf */,
				8AE6C00520BCB8B8005E8FFC /* Montserrat-Light.otf */,
				8AE6C00D20BCB8BA005E8FFC /* Montserrat-LightItalic.otf */,
				8AE6BFFF20BCB8B6005E8FFC /* Montserrat-Medium.otf */,
				8AE6BFF820BCB8B4005E8FFC /* Montserrat-MediumItalic.otf */,
				8AE6C00E20BCB8BB005E8FFC /* Montserrat-Regular.otf */,
				8AE6C00120BCB8B7005E8FFC /* Montserrat-SemiBold.otf */,
				8AE6C00F20BCB8BB005E8FFC /* Montserrat-SemiBoldItalic.otf */,
				8AE6BFFE20BCB8B6005E8FFC /* Montserrat-Thin.otf */,
				8AE6BFFA20BCB8B4005E8FFC /* Montserrat-ThinItalic.otf */,
				8AE6C00020BCB8B7005E8FFC /* MontserratAlternates-Black.otf */,
				8AE6C00220BCB8B7005E8FFC /* MontserratAlternates-BlackItalic.otf */,
				8AE6C01620BCB8BD005E8FFC /* MontserratAlternates-Bold.otf */,
				8AE6C01020BCB8BB005E8FFC /* MontserratAlternates-BoldItalic.otf */,
				8AE6C01720BCB8BD005E8FFC /* MontserratAlternates-ExtraBold.otf */,
				8AE6C00920BCB8B9005E8FFC /* MontserratAlternates-ExtraBoldItalic.otf */,
				8AE6C00C20BCB8BA005E8FFC /* MontserratAlternates-ExtraLight.otf */,
				8AE6C00420BCB8B8005E8FFC /* MontserratAlternates-ExtraLightItalic.otf */,
				8AE6C01820BCB8BD005E8FFC /* MontserratAlternates-Italic.otf */,
				8AE6C00A20BCB8B9005E8FFC /* MontserratAlternates-Light.otf */,
				8AE6C01220BCB8BC005E8FFC /* MontserratAlternates-LightItalic.otf */,
				8AE6C01C20BCB8BF005E8FFC /* MontserratAlternates-Medium.otf */,
				8AE6C00B20BCB8BA005E8FFC /* MontserratAlternates-MediumItalic.otf */,
				8AE6C01320BCB8BC005E8FFC /* MontserratAlternates-Regular.otf */,
				8AE6C01420BCB8BC005E8FFC /* MontserratAlternates-SemiBold.otf */,
				8AE6C01B20BCB8BE005E8FFC /* MontserratAlternates-SemiBoldItalic.otf */,
				8AE6C01920BCB8BE005E8FFC /* MontserratAlternates-Thin.otf */,
				8AE6C00620BCB8B8005E8FFC /* MontserratAlternates-ThinItalic.otf */,
				8AE6C01A20BCB8BE005E8FFC /* SIL Open Font License.txt */,
			);
			path = Montserrat;
			sourceTree = "<group>";
		};
		8AE6C08E20BCFB67005E8FFC /* Scenes */ = {
			isa = PBXGroup;
			children = (
				8A6EF3E220CA15F60006C80A /* Home */,
				8AE6C08F20BCFB7B005E8FFC /* Onboarding */,
			);
			path = Scenes;
			sourceTree = "<group>";
		};
		8AE6C08F20BCFB7B005E8FFC /* Onboarding */ = {
			isa = PBXGroup;
			children = (
				8AE6C09020BCFBB1005E8FFC /* PageCell_Tests.swift */,
				8A1853B920BDAFFE00DC179B /* OnboardingPresenter_Tests.swift */,
				8ACD434C20C8BB7A00594046 /* OnboardingViewController_Tests.swift */,
			);
			path = Onboarding;
			sourceTree = "<group>";
		};
/* End PBXGroup section */

/* Begin PBXNativeTarget section */
		8AC4B09C20B3AE26001D98B1 /* Clicks! */ = {
			isa = PBXNativeTarget;
			buildConfigurationList = 8AC4B0C520B3AE28001D98B1 /* Build configuration list for PBXNativeTarget "Clicks!" */;
			buildPhases = (
				8AC4B09920B3AE26001D98B1 /* Sources */,
				8AC4B09A20B3AE26001D98B1 /* Frameworks */,
				8AC4B09B20B3AE26001D98B1 /* Resources */,
			);
			buildRules = (
			);
			dependencies = (
			);
			name = "Clicks!";
			productName = "Clicks!";
			productReference = 8AC4B09D20B3AE26001D98B1 /* Clicks!.app */;
			productType = "com.apple.product-type.application";
		};
		8AC4B0B020B3AE28001D98B1 /* Clicks!Tests */ = {
			isa = PBXNativeTarget;
			buildConfigurationList = 8AC4B0C820B3AE28001D98B1 /* Build configuration list for PBXNativeTarget "Clicks!Tests" */;
			buildPhases = (
				8AC4B0AD20B3AE28001D98B1 /* Sources */,
				8AC4B0AE20B3AE28001D98B1 /* Frameworks */,
				8AC4B0AF20B3AE28001D98B1 /* Resources */,
			);
			buildRules = (
			);
			dependencies = (
				8AC4B0B320B3AE28001D98B1 /* PBXTargetDependency */,
			);
			name = "Clicks!Tests";
			productName = "Clicks!Tests";
			productReference = 8AC4B0B120B3AE28001D98B1 /* Clicks!Tests.xctest */;
			productType = "com.apple.product-type.bundle.unit-test";
		};
		8AC4B0BB20B3AE28001D98B1 /* Clicks!UITests */ = {
			isa = PBXNativeTarget;
			buildConfigurationList = 8AC4B0CB20B3AE28001D98B1 /* Build configuration list for PBXNativeTarget "Clicks!UITests" */;
			buildPhases = (
				8AC4B0B820B3AE28001D98B1 /* Sources */,
				8AC4B0B920B3AE28001D98B1 /* Frameworks */,
				8AC4B0BA20B3AE28001D98B1 /* Resources */,
			);
			buildRules = (
			);
			dependencies = (
				8AC4B0BE20B3AE28001D98B1 /* PBXTargetDependency */,
			);
			name = "Clicks!UITests";
			productName = "Clicks!UITests";
			productReference = 8AC4B0BC20B3AE28001D98B1 /* Clicks!UITests.xctest */;
			productType = "com.apple.product-type.bundle.ui-testing";
		};
/* End PBXNativeTarget section */

/* Begin PBXProject section */
		8AC4B09520B3AE26001D98B1 /* Project object */ = {
			isa = PBXProject;
			attributes = {
				LastSwiftUpdateCheck = 0930;
				LastUpgradeCheck = 0930;
				ORGANIZATIONNAME = "Leonel Menezes";
				TargetAttributes = {
					8AC4B09C20B3AE26001D98B1 = {
						CreatedOnToolsVersion = 9.3.1;
					};
					8AC4B0B020B3AE28001D98B1 = {
						CreatedOnToolsVersion = 9.3.1;
						TestTargetID = 8AC4B09C20B3AE26001D98B1;
					};
					8AC4B0BB20B3AE28001D98B1 = {
						CreatedOnToolsVersion = 9.3.1;
						TestTargetID = 8AC4B09C20B3AE26001D98B1;
					};
				};
			};
			buildConfigurationList = 8AC4B09820B3AE26001D98B1 /* Build configuration list for PBXProject "Clicks!" */;
			compatibilityVersion = "Xcode 9.3";
			developmentRegion = en;
			hasScannedForEncodings = 0;
			knownRegions = (
				en,
				Base,
				"pt-BR",
			);
			mainGroup = 8AC4B09420B3AE26001D98B1;
			productRefGroup = 8AC4B09E20B3AE26001D98B1 /* Products */;
			projectDirPath = "";
			projectRoot = "";
			targets = (
				8AC4B09C20B3AE26001D98B1 /* Clicks! */,
				8AC4B0B020B3AE28001D98B1 /* Clicks!Tests */,
				8AC4B0BB20B3AE28001D98B1 /* Clicks!UITests */,
			);
		};
/* End PBXProject section */

/* Begin PBXResourcesBuildPhase section */
		8AC4B09B20B3AE26001D98B1 /* Resources */ = {
			isa = PBXResourcesBuildPhase;
			buildActionMask = 2147483647;
			files = (
				8AE6C03220BCB8BF005E8FFC /* Montserrat-Medium.otf in Resources */,
				8AE6C04120BCB8BF005E8FFC /* MontserratAlternates-ExtraLightItalic.otf in Resources */,
				8AE6C07120BCB8BF005E8FFC /* MontserratAlternates-SemiBold.otf in Resources */,
				8AE6C04420BCB8BF005E8FFC /* Montserrat-Light.otf in Resources */,
				8AE6C03520BCB8BF005E8FFC /* MontserratAlternates-Black.otf in Resources */,
				8AE6C03E20BCB8BF005E8FFC /* Montserrat-ExtraBoldItalic.otf in Resources */,
				8AE6C06E20BCB8BF005E8FFC /* MontserratAlternates-Regular.otf in Resources */,
				8AE6C05F20BCB8BF005E8FFC /* Montserrat-Regular.otf in Resources */,
				8AE6C05920BCB8BF005E8FFC /* MontserratAlternates-ExtraLight.otf in Resources */,
				8AE6C06820BCB8BF005E8FFC /* Montserrat-BoldItalic.otf in Resources */,
				8AE6C02920BCB8BF005E8FFC /* Montserrat-ExtraLight.otf in Resources */,
				8AE6C02020BCB8BF005E8FFC /* Montserrat-Bold.otf in Resources */,
				8AE6C05C20BCB8BF005E8FFC /* Montserrat-LightItalic.otf in Resources */,
				8A2F559120C9819B007E29E8 /* HomeScreen.storyboard in Resources */,
				8AE6C04A20BCB8BF005E8FFC /* Montserrat-ExtraBold.otf in Resources */,
				8AE6C08920BCB8BF005E8FFC /* MontserratAlternates-Medium.otf in Resources */,
				8AE6C07720BCB8BF005E8FFC /* MontserratAlternates-Bold.otf in Resources */,
				8A1DB54F20CF85580094CC95 /* MainScreen.xib in Resources */,
				8AE6C03B20BCB8BF005E8FFC /* MontserratAlternates-BlackItalic.otf in Resources */,
				8AE6C05320BCB8BF005E8FFC /* MontserratAlternates-Light.otf in Resources */,
				8AE6C07420BCB8BF005E8FFC /* Montserrat-BlackItalic.otf in Resources */,
				8AE6C07A20BCB8BF005E8FFC /* MontserratAlternates-ExtraBold.otf in Resources */,
				8AE6C05620BCB8BF005E8FFC /* MontserratAlternates-MediumItalic.otf in Resources */,
				8AE6C04D20BCB8BF005E8FFC /* Montserrat-Italic.otf in Resources */,
				8AE6C08620BCB8BF005E8FFC /* MontserratAlternates-SemiBoldItalic.otf in Resources */,
				8AE6C06520BCB8BF005E8FFC /* MontserratAlternates-BoldItalic.otf in Resources */,
				8AE6C08020BCB8BF005E8FFC /* MontserratAlternates-Thin.otf in Resources */,
				8AE6C02620BCB8BF005E8FFC /* Montserrat-ExtraLightItalic.otf in Resources */,
				8AE6C04720BCB8BF005E8FFC /* MontserratAlternates-ThinItalic.otf in Resources */,
				8AE6C03820BCB8BF005E8FFC /* Montserrat-SemiBold.otf in Resources */,
				8AE6C02C20BCB8BF005E8FFC /* Montserrat-Black.otf in Resources */,
				8AE6C02F20BCB8BF005E8FFC /* Montserrat-Thin.otf in Resources */,
				8AE6C01D20BCB8BF005E8FFC /* Montserrat-MediumItalic.otf in Resources */,
				8AE6BFF020B7E078005E8FFC /* Localizable.strings in Resources */,
				8AC4B0A820B3AE28001D98B1 /* Assets.xcassets in Resources */,
				8AE6C07D20BCB8BF005E8FFC /* MontserratAlternates-Italic.otf in Resources */,
				8AE6C06B20BCB8BF005E8FFC /* MontserratAlternates-LightItalic.otf in Resources */,
				8AE6C06220BCB8BF005E8FFC /* Montserrat-SemiBoldItalic.otf in Resources */,
				8AE6C05020BCB8BF005E8FFC /* MontserratAlternates-ExtraBoldItalic.otf in Resources */,
				8AE6C02320BCB8BF005E8FFC /* Montserrat-ThinItalic.otf in Resources */,
				8AE6C08320BCB8BF005E8FFC /* SIL Open Font License.txt in Resources */,
			);
			runOnlyForDeploymentPostprocessing = 0;
		};
		8AC4B0AF20B3AE28001D98B1 /* Resources */ = {
			isa = PBXResourcesBuildPhase;
			buildActionMask = 2147483647;
			files = (
				8AE6C07220BCB8BF005E8FFC /* MontserratAlternates-SemiBold.otf in Resources */,
				8AE6C07E20BCB8BF005E8FFC /* MontserratAlternates-Italic.otf in Resources */,
				8AE6C05120BCB8BF005E8FFC /* MontserratAlternates-ExtraBoldItalic.otf in Resources */,
				8AE6C08420BCB8BF005E8FFC /* SIL Open Font License.txt in Resources */,
				8AE6BFF120B7E078005E8FFC /* Localizable.strings in Resources */,
				8AE6C03020BCB8BF005E8FFC /* Montserrat-Thin.otf in Resources */,
				8AE6C07820BCB8BF005E8FFC /* MontserratAlternates-Bold.otf in Resources */,
				8AE6C06920BCB8BF005E8FFC /* Montserrat-BoldItalic.otf in Resources */,
				8A1DB55020CF85580094CC95 /* MainScreen.xib in Resources */,
				8AE6C04820BCB8BF005E8FFC /* MontserratAlternates-ThinItalic.otf in Resources */,
				8AE6C05720BCB8BF005E8FFC /* MontserratAlternates-MediumItalic.otf in Resources */,
				8AE6C02420BCB8BF005E8FFC /* Montserrat-ThinItalic.otf in Resources */,
				8AE6C04220BCB8BF005E8FFC /* MontserratAlternates-ExtraLightItalic.otf in Resources */,
				8AE6C03620BCB8BF005E8FFC /* MontserratAlternates-Black.otf in Resources */,
				8AE6C06620BCB8BF005E8FFC /* MontserratAlternates-BoldItalic.otf in Resources */,
				8AE6C04E20BCB8BF005E8FFC /* Montserrat-Italic.otf in Resources */,
				8AE6C05420BCB8BF005E8FFC /* MontserratAlternates-Light.otf in Resources */,
				8AE6C05D20BCB8BF005E8FFC /* Montserrat-LightItalic.otf in Resources */,
				8AE6C06020BCB8BF005E8FFC /* Montserrat-Regular.otf in Resources */,
				8AE6C04520BCB8BF005E8FFC /* Montserrat-Light.otf in Resources */,
				8AE6C08720BCB8BF005E8FFC /* MontserratAlternates-SemiBoldItalic.otf in Resources */,
				8AE6C02720BCB8BF005E8FFC /* Montserrat-ExtraLightItalic.otf in Resources */,
				8AE6C06C20BCB8BF005E8FFC /* MontserratAlternates-LightItalic.otf in Resources */,
				8AE6C01E20BCB8BF005E8FFC /* Montserrat-MediumItalic.otf in Resources */,
				8AE6C02A20BCB8BF005E8FFC /* Montserrat-ExtraLight.otf in Resources */,
				8AE6C08A20BCB8BF005E8FFC /* MontserratAlternates-Medium.otf in Resources */,
				8AE6C03920BCB8BF005E8FFC /* Montserrat-SemiBold.otf in Resources */,
				8AE6C07B20BCB8BF005E8FFC /* MontserratAlternates-ExtraBold.otf in Resources */,
				8AE6C04B20BCB8BF005E8FFC /* Montserrat-ExtraBold.otf in Resources */,
				8AE6C02120BCB8BF005E8FFC /* Montserrat-Bold.otf in Resources */,
				8AE6C03C20BCB8BF005E8FFC /* MontserratAlternates-BlackItalic.otf in Resources */,
				8AE6C07520BCB8BF005E8FFC /* Montserrat-BlackItalic.otf in Resources */,
				8AE6C03320BCB8BF005E8FFC /* Montserrat-Medium.otf in Resources */,
				8AE6C08120BCB8BF005E8FFC /* MontserratAlternates-Thin.otf in Resources */,
				8AE6C02D20BCB8BF005E8FFC /* Montserrat-Black.otf in Resources */,
				8AE6C03F20BCB8BF005E8FFC /* Montserrat-ExtraBoldItalic.otf in Resources */,
				8AE6C06320BCB8BF005E8FFC /* Montserrat-SemiBoldItalic.otf in Resources */,
				8AE6C06F20BCB8BF005E8FFC /* MontserratAlternates-Regular.otf in Resources */,
				8AE6C05A20BCB8BF005E8FFC /* MontserratAlternates-ExtraLight.otf in Resources */,
			);
			runOnlyForDeploymentPostprocessing = 0;
		};
		8AC4B0BA20B3AE28001D98B1 /* Resources */ = {
			isa = PBXResourcesBuildPhase;
			buildActionMask = 2147483647;
			files = (
				8AE6C07320BCB8BF005E8FFC /* MontserratAlternates-SemiBold.otf in Resources */,
				8AE6C07F20BCB8BF005E8FFC /* MontserratAlternates-Italic.otf in Resources */,
				8AE6C05220BCB8BF005E8FFC /* MontserratAlternates-ExtraBoldItalic.otf in Resources */,
				8AE6C08520BCB8BF005E8FFC /* SIL Open Font License.txt in Resources */,
				8AE6BFF220B7E078005E8FFC /* Localizable.strings in Resources */,
				8AE6C03120BCB8BF005E8FFC /* Montserrat-Thin.otf in Resources */,
				8AE6C07920BCB8BF005E8FFC /* MontserratAlternates-Bold.otf in Resources */,
				8AE6C06A20BCB8BF005E8FFC /* Montserrat-BoldItalic.otf in Resources */,
				8A1DB55120CF85580094CC95 /* MainScreen.xib in Resources */,
				8AE6C04920BCB8BF005E8FFC /* MontserratAlternates-ThinItalic.otf in Resources */,
				8AE6C05820BCB8BF005E8FFC /* MontserratAlternates-MediumItalic.otf in Resources */,
				8AE6C02520BCB8BF005E8FFC /* Montserrat-ThinItalic.otf in Resources */,
				8AE6C04320BCB8BF005E8FFC /* MontserratAlternates-ExtraLightItalic.otf in Resources */,
				8AE6C03720BCB8BF005E8FFC /* MontserratAlternates-Black.otf in Resources */,
				8AE6C06720BCB8BF005E8FFC /* MontserratAlternates-BoldItalic.otf in Resources */,
				8AE6C04F20BCB8BF005E8FFC /* Montserrat-Italic.otf in Resources */,
				8AE6C05520BCB8BF005E8FFC /* MontserratAlternates-Light.otf in Resources */,
				8AE6C05E20BCB8BF005E8FFC /* Montserrat-LightItalic.otf in Resources */,
				8AE6C06120BCB8BF005E8FFC /* Montserrat-Regular.otf in Resources */,
				8AE6C04620BCB8BF005E8FFC /* Montserrat-Light.otf in Resources */,
				8AE6C08820BCB8BF005E8FFC /* MontserratAlternates-SemiBoldItalic.otf in Resources */,
				8AE6C02820BCB8BF005E8FFC /* Montserrat-ExtraLightItalic.otf in Resources */,
				8AE6C06D20BCB8BF005E8FFC /* MontserratAlternates-LightItalic.otf in Resources */,
				8AE6C01F20BCB8BF005E8FFC /* Montserrat-MediumItalic.otf in Resources */,
				8AE6C02B20BCB8BF005E8FFC /* Montserrat-ExtraLight.otf in Resources */,
				8AE6C08B20BCB8BF005E8FFC /* MontserratAlternates-Medium.otf in Resources */,
				8AE6C03A20BCB8BF005E8FFC /* Montserrat-SemiBold.otf in Resources */,
				8AE6C07C20BCB8BF005E8FFC /* MontserratAlternates-ExtraBold.otf in Resources */,
				8AE6C04C20BCB8BF005E8FFC /* Montserrat-ExtraBold.otf in Resources */,
				8AE6C02220BCB8BF005E8FFC /* Montserrat-Bold.otf in Resources */,
				8AE6C03D20BCB8BF005E8FFC /* MontserratAlternates-BlackItalic.otf in Resources */,
				8AE6C07620BCB8BF005E8FFC /* Montserrat-BlackItalic.otf in Resources */,
				8AE6C03420BCB8BF005E8FFC /* Montserrat-Medium.otf in Resources */,
				8AE6C08220BCB8BF005E8FFC /* MontserratAlternates-Thin.otf in Resources */,
				8AE6C02E20BCB8BF005E8FFC /* Montserrat-Black.otf in Resources */,
				8AE6C04020BCB8BF005E8FFC /* Montserrat-ExtraBoldItalic.otf in Resources */,
				8AE6C06420BCB8BF005E8FFC /* Montserrat-SemiBoldItalic.otf in Resources */,
				8AE6C07020BCB8BF005E8FFC /* MontserratAlternates-Regular.otf in Resources */,
				8AE6C05B20BCB8BF005E8FFC /* MontserratAlternates-ExtraLight.otf in Resources */,
			);
			runOnlyForDeploymentPostprocessing = 0;
		};
/* End PBXResourcesBuildPhase section */

/* Begin PBXSourcesBuildPhase section */
		8AC4B09920B3AE26001D98B1 /* Sources */ = {
			isa = PBXSourcesBuildPhase;
			buildActionMask = 2147483647;
			files = (
				8AC4B0A120B3AE26001D98B1 /* AppDelegate.swift in Sources */,
				8A1DB55920CF87FC0094CC95 /* MainScreenPresenter.swift in Sources */,
				8A1DB56220CF87FC0094CC95 /* MainScreenModels.swift in Sources */,
				8A6256BF20B790E40032195E /* OnboardingRouter.swift in Sources */,
				8A6256AC20B690CB0032195E /* Photo.swift in Sources */,
				8A1DB56520CF87FC0094CC95 /* MainScreenView.swift in Sources */,
				8AE6BFE820B7BFC1005E8FFC /* PageCell.swift in Sources */,
				8AC4B0F320B683F0001D98B1 /* HomeViewController.swift in Sources */,
				8A1DB56820CF87FC0094CC95 /* MainScreenInteractor.swift in Sources */,
				8A6256C520B790E40032195E /* OnboardingViewController.swift in Sources */,
				08DF49C820BE5130004D4057 /* AppDelegateHelper.swift in Sources */,
				8AE6BFE420B7BA4E005E8FFC /* OnboardingModels.swift in Sources */,
				8A1DB55F20CF87FC0094CC95 /* MainScreenRouter.swift in Sources */,
				8A6256AE20B691620032195E /* User.swift in Sources */,
				8AE6BFE120B7B40C005E8FFC /* AppColors.swift in Sources */,
				8A1DB54A20CF83A30094CC95 /* File.swift in Sources */,
				8AC4B0FA20B687EE001D98B1 /* Challenge.swift in Sources */,
				8AAA2BD120BE4F19007F2EA4 /* Formatter+iso8601.swift in Sources */,
				08DF49CA20BE53A3004D4057 /* HorizontalScrollFlowLayout.swift in Sources */,
				8A6256C820B790E40032195E /* OnboardingPresenter.swift in Sources */,
				8A1DB55C20CF87FC0094CC95 /* MainScreenWorker.swift in Sources */,
			);
			runOnlyForDeploymentPostprocessing = 0;
		};
		8AC4B0AD20B3AE28001D98B1 /* Sources */ = {
			isa = PBXSourcesBuildPhase;
			buildActionMask = 2147483647;
			files = (
				8A1DB56020CF87FC0094CC95 /* MainScreenRouter.swift in Sources */,
				8AE6BFE520B7BA4E005E8FFC /* OnboardingModels.swift in Sources */,
				8A6256C620B790E40032195E /* OnboardingViewController.swift in Sources */,
				8A6256C920B790E40032195E /* OnboardingPresenter.swift in Sources */,
				8A1853C020BDCDCD00DC179B /* Challenge_Tests.swift in Sources */,
				8A1DB56920CF87FC0094CC95 /* MainScreenInteractor.swift in Sources */,
				8A6EF3E420CA160F0006C80A /* HomeViewController_Tests.swift in Sources */,
				8A30889920BE695B00FE6AFB /* Formatter+iso8601.swift in Sources */,
				8ACD434D20C8BB7B00594046 /* OnboardingViewController_Tests.swift in Sources */,
				8A1DB54B20CF83A30094CC95 /* File.swift in Sources */,
				8AE6C09120BCFBB1005E8FFC /* PageCell_Tests.swift in Sources */,
				8A1853C520BDCE7B00DC179B /* Photo_Tests.swift in Sources */,
				8A1853BD20BDC7E300DC179B /* AppColors_Tests.swift in Sources */,
				8A1853C320BDCE3D00DC179B /* User_Tests.swift in Sources */,
				8A1DB55A20CF87FC0094CC95 /* MainScreenPresenter.swift in Sources */,
				8A1DB56620CF87FC0094CC95 /* MainScreenView.swift in Sources */,
				8A1853BA20BDAFFE00DC179B /* OnboardingPresenter_Tests.swift in Sources */,
				8A6256C020B790E40032195E /* OnboardingRouter.swift in Sources */,
				8AE6BFE920B7BFC1005E8FFC /* PageCell.swift in Sources */,
				8A1DB55D20CF87FC0094CC95 /* MainScreenWorker.swift in Sources */,
				8AC4B0F420B683F0001D98B1 /* HomeViewController.swift in Sources */,
				8AE6C08C20BCD541005E8FFC /* AppColors.swift in Sources */,
				8A1DB56320CF87FC0094CC95 /* MainScreenModels.swift in Sources */,
				8AC4B0FB20B687EE001D98B1 /* Challenge.swift in Sources */,
			);
			runOnlyForDeploymentPostprocessing = 0;
		};
		8AC4B0B820B3AE28001D98B1 /* Sources */ = {
			isa = PBXSourcesBuildPhase;
			buildActionMask = 2147483647;
			files = (
				8AE6BFE620B7BA4E005E8FFC /* OnboardingModels.swift in Sources */,
				8A6256C720B790E40032195E /* OnboardingViewController.swift in Sources */,
				8A6256CA20B790E40032195E /* OnboardingPresenter.swift in Sources */,
				8A1DB55E20CF87FC0094CC95 /* MainScreenWorker.swift in Sources */,
				8A1DB56420CF87FC0094CC95 /* MainScreenModels.swift in Sources */,
				8A6256C120B790E40032195E /* OnboardingRouter.swift in Sources */,
				8A658F0F20C8CA990062F0C4 /* OnboardingViewController_UITests.swift in Sources */,
				8A1DB55B20CF87FC0094CC95 /* MainScreenPresenter.swift in Sources */,
				8A1DB56120CF87FC0094CC95 /* MainScreenRouter.swift in Sources */,
				8AE6BFEA20B7BFC1005E8FFC /* PageCell.swift in Sources */,
				8A30889A20BE695B00FE6AFB /* Formatter+iso8601.swift in Sources */,
				8AC4B0F520B683F0001D98B1 /* HomeViewController.swift in Sources */,
				8AE6C08D20BCD541005E8FFC /* AppColors.swift in Sources */,
				8A1DB56720CF87FC0094CC95 /* MainScreenView.swift in Sources */,
				8A1DB56A20CF87FC0094CC95 /* MainScreenInteractor.swift in Sources */,
				8A1DB54C20CF83A30094CC95 /* File.swift in Sources */,
				8AC4B0FC20B687EE001D98B1 /* Challenge.swift in Sources */,
			);
			runOnlyForDeploymentPostprocessing = 0;
		};
/* End PBXSourcesBuildPhase section */

/* Begin PBXTargetDependency section */
		8AC4B0B320B3AE28001D98B1 /* PBXTargetDependency */ = {
			isa = PBXTargetDependency;
			target = 8AC4B09C20B3AE26001D98B1 /* Clicks! */;
			targetProxy = 8AC4B0B220B3AE28001D98B1 /* PBXContainerItemProxy */;
		};
		8AC4B0BE20B3AE28001D98B1 /* PBXTargetDependency */ = {
			isa = PBXTargetDependency;
			target = 8AC4B09C20B3AE26001D98B1 /* Clicks! */;
			targetProxy = 8AC4B0BD20B3AE28001D98B1 /* PBXContainerItemProxy */;
		};
/* End PBXTargetDependency section */

/* Begin PBXVariantGroup section */
		8AE6BFF420B7E078005E8FFC /* Localizable.strings */ = {
			isa = PBXVariantGroup;
			children = (
				8AE6BFF320B7E078005E8FFC /* en */,
				8AE6BFF520B7E07D005E8FFC /* pt-BR */,
			);
			name = Localizable.strings;
			sourceTree = "<group>";
		};
/* End PBXVariantGroup section */

/* Begin XCBuildConfiguration section */
		8AC4B0C320B3AE28001D98B1 /* Debug */ = {
			isa = XCBuildConfiguration;
			buildSettings = {
				ALWAYS_SEARCH_USER_PATHS = NO;
				CLANG_ANALYZER_LOCALIZABILITY_NONLOCALIZED = YES;
				CLANG_ANALYZER_NONNULL = YES;
				CLANG_ANALYZER_NUMBER_OBJECT_CONVERSION = YES_AGGRESSIVE;
				CLANG_CXX_LANGUAGE_STANDARD = "gnu++14";
				CLANG_CXX_LIBRARY = "libc++";
				CLANG_ENABLE_MODULES = YES;
				CLANG_ENABLE_OBJC_ARC = YES;
				CLANG_ENABLE_OBJC_WEAK = YES;
				CLANG_WARN_BLOCK_CAPTURE_AUTORELEASING = YES;
				CLANG_WARN_BOOL_CONVERSION = YES;
				CLANG_WARN_COMMA = YES;
				CLANG_WARN_CONSTANT_CONVERSION = YES;
				CLANG_WARN_DEPRECATED_OBJC_IMPLEMENTATIONS = YES;
				CLANG_WARN_DIRECT_OBJC_ISA_USAGE = YES_ERROR;
				CLANG_WARN_DOCUMENTATION_COMMENTS = YES;
				CLANG_WARN_EMPTY_BODY = YES;
				CLANG_WARN_ENUM_CONVERSION = YES;
				CLANG_WARN_INFINITE_RECURSION = YES;
				CLANG_WARN_INT_CONVERSION = YES;
				CLANG_WARN_NON_LITERAL_NULL_CONVERSION = YES;
				CLANG_WARN_OBJC_IMPLICIT_RETAIN_SELF = YES;
				CLANG_WARN_OBJC_LITERAL_CONVERSION = YES;
				CLANG_WARN_OBJC_ROOT_CLASS = YES_ERROR;
				CLANG_WARN_RANGE_LOOP_ANALYSIS = YES;
				CLANG_WARN_STRICT_PROTOTYPES = YES;
				CLANG_WARN_SUSPICIOUS_MOVE = YES;
				CLANG_WARN_UNGUARDED_AVAILABILITY = YES_AGGRESSIVE;
				CLANG_WARN_UNREACHABLE_CODE = YES;
				CLANG_WARN__DUPLICATE_METHOD_MATCH = YES;
				CODE_SIGN_IDENTITY = "iPhone Developer";
				COPY_PHASE_STRIP = NO;
				DEBUG_INFORMATION_FORMAT = dwarf;
				ENABLE_STRICT_OBJC_MSGSEND = YES;
				ENABLE_TESTABILITY = YES;
				GCC_C_LANGUAGE_STANDARD = gnu11;
				GCC_DYNAMIC_NO_PIC = NO;
				GCC_NO_COMMON_BLOCKS = YES;
				GCC_OPTIMIZATION_LEVEL = 0;
				GCC_PREPROCESSOR_DEFINITIONS = (
					"DEBUG=1",
					"$(inherited)",
				);
				GCC_WARN_64_TO_32_BIT_CONVERSION = YES;
				GCC_WARN_ABOUT_RETURN_TYPE = YES_ERROR;
				GCC_WARN_UNDECLARED_SELECTOR = YES;
				GCC_WARN_UNINITIALIZED_AUTOS = YES_AGGRESSIVE;
				GCC_WARN_UNUSED_FUNCTION = YES;
				GCC_WARN_UNUSED_VARIABLE = YES;
				IPHONEOS_DEPLOYMENT_TARGET = 11.3;
				MTL_ENABLE_DEBUG_INFO = YES;
				ONLY_ACTIVE_ARCH = YES;
				SDKROOT = iphoneos;
				SWIFT_ACTIVE_COMPILATION_CONDITIONS = DEBUG;
				SWIFT_OPTIMIZATION_LEVEL = "-Onone";
			};
			name = Debug;
		};
		8AC4B0C420B3AE28001D98B1 /* Release */ = {
			isa = XCBuildConfiguration;
			buildSettings = {
				ALWAYS_SEARCH_USER_PATHS = NO;
				CLANG_ANALYZER_LOCALIZABILITY_NONLOCALIZED = YES;
				CLANG_ANALYZER_NONNULL = YES;
				CLANG_ANALYZER_NUMBER_OBJECT_CONVERSION = YES_AGGRESSIVE;
				CLANG_CXX_LANGUAGE_STANDARD = "gnu++14";
				CLANG_CXX_LIBRARY = "libc++";
				CLANG_ENABLE_MODULES = YES;
				CLANG_ENABLE_OBJC_ARC = YES;
				CLANG_ENABLE_OBJC_WEAK = YES;
				CLANG_WARN_BLOCK_CAPTURE_AUTORELEASING = YES;
				CLANG_WARN_BOOL_CONVERSION = YES;
				CLANG_WARN_COMMA = YES;
				CLANG_WARN_CONSTANT_CONVERSION = YES;
				CLANG_WARN_DEPRECATED_OBJC_IMPLEMENTATIONS = YES;
				CLANG_WARN_DIRECT_OBJC_ISA_USAGE = YES_ERROR;
				CLANG_WARN_DOCUMENTATION_COMMENTS = YES;
				CLANG_WARN_EMPTY_BODY = YES;
				CLANG_WARN_ENUM_CONVERSION = YES;
				CLANG_WARN_INFINITE_RECURSION = YES;
				CLANG_WARN_INT_CONVERSION = YES;
				CLANG_WARN_NON_LITERAL_NULL_CONVERSION = YES;
				CLANG_WARN_OBJC_IMPLICIT_RETAIN_SELF = YES;
				CLANG_WARN_OBJC_LITERAL_CONVERSION = YES;
				CLANG_WARN_OBJC_ROOT_CLASS = YES_ERROR;
				CLANG_WARN_RANGE_LOOP_ANALYSIS = YES;
				CLANG_WARN_STRICT_PROTOTYPES = YES;
				CLANG_WARN_SUSPICIOUS_MOVE = YES;
				CLANG_WARN_UNGUARDED_AVAILABILITY = YES_AGGRESSIVE;
				CLANG_WARN_UNREACHABLE_CODE = YES;
				CLANG_WARN__DUPLICATE_METHOD_MATCH = YES;
				CODE_SIGN_IDENTITY = "iPhone Developer";
				COPY_PHASE_STRIP = NO;
				DEBUG_INFORMATION_FORMAT = "dwarf-with-dsym";
				ENABLE_NS_ASSERTIONS = NO;
				ENABLE_STRICT_OBJC_MSGSEND = YES;
				GCC_C_LANGUAGE_STANDARD = gnu11;
				GCC_NO_COMMON_BLOCKS = YES;
				GCC_WARN_64_TO_32_BIT_CONVERSION = YES;
				GCC_WARN_ABOUT_RETURN_TYPE = YES_ERROR;
				GCC_WARN_UNDECLARED_SELECTOR = YES;
				GCC_WARN_UNINITIALIZED_AUTOS = YES_AGGRESSIVE;
				GCC_WARN_UNUSED_FUNCTION = YES;
				GCC_WARN_UNUSED_VARIABLE = YES;
				IPHONEOS_DEPLOYMENT_TARGET = 11.3;
				MTL_ENABLE_DEBUG_INFO = NO;
				SDKROOT = iphoneos;
				SWIFT_COMPILATION_MODE = wholemodule;
				SWIFT_OPTIMIZATION_LEVEL = "-O";
				VALIDATE_PRODUCT = YES;
			};
			name = Release;
		};
		8AC4B0C620B3AE28001D98B1 /* Debug */ = {
			isa = XCBuildConfiguration;
			buildSettings = {
				ASSETCATALOG_COMPILER_APPICON_NAME = AppIcon;
				CODE_SIGN_STYLE = Automatic;
				DEVELOPMENT_TEAM = JC4QT73C9E;
				INFOPLIST_FILE = "$(SRCROOT)/Clicks!/Core/Info.plist";
				LD_RUNPATH_SEARCH_PATHS = (
					"$(inherited)",
					"@executable_path/Frameworks",
				);
				PRODUCT_BUNDLE_IDENTIFIER = "BEPID.Clicks-";
				PRODUCT_NAME = "$(TARGET_NAME)";
				SWIFT_VERSION = 4.0;
				TARGETED_DEVICE_FAMILY = "1,2";
			};
			name = Debug;
		};
		8AC4B0C720B3AE28001D98B1 /* Release */ = {
			isa = XCBuildConfiguration;
			buildSettings = {
				ASSETCATALOG_COMPILER_APPICON_NAME = AppIcon;
				CODE_SIGN_STYLE = Automatic;
				DEVELOPMENT_TEAM = JC4QT73C9E;
				INFOPLIST_FILE = "$(SRCROOT)/Clicks!/Core/Info.plist";
				LD_RUNPATH_SEARCH_PATHS = (
					"$(inherited)",
					"@executable_path/Frameworks",
				);
				PRODUCT_BUNDLE_IDENTIFIER = "BEPID.Clicks-";
				PRODUCT_NAME = "$(TARGET_NAME)";
				SWIFT_VERSION = 4.0;
				TARGETED_DEVICE_FAMILY = "1,2";
			};
			name = Release;
		};
		8AC4B0C920B3AE28001D98B1 /* Debug */ = {
			isa = XCBuildConfiguration;
			buildSettings = {
				ALWAYS_EMBED_SWIFT_STANDARD_LIBRARIES = YES;
				BUNDLE_LOADER = "$(TEST_HOST)";
				CODE_SIGN_STYLE = Automatic;
				DEVELOPMENT_TEAM = JC4QT73C9E;
				INFOPLIST_FILE = "Clicks!Tests/Info.plist";
				LD_RUNPATH_SEARCH_PATHS = (
					"$(inherited)",
					"@executable_path/Frameworks",
					"@loader_path/Frameworks",
				);
				PRODUCT_BUNDLE_IDENTIFIER = "BEPID.Clicks-Tests";
				PRODUCT_NAME = "$(TARGET_NAME)";
				SWIFT_VERSION = 4.0;
				TARGETED_DEVICE_FAMILY = "1,2";
				TEST_HOST = "$(BUILT_PRODUCTS_DIR)/Clicks!.app/Clicks!";
			};
			name = Debug;
		};
		8AC4B0CA20B3AE28001D98B1 /* Release */ = {
			isa = XCBuildConfiguration;
			buildSettings = {
				ALWAYS_EMBED_SWIFT_STANDARD_LIBRARIES = YES;
				BUNDLE_LOADER = "$(TEST_HOST)";
				CODE_SIGN_STYLE = Automatic;
				DEVELOPMENT_TEAM = JC4QT73C9E;
				INFOPLIST_FILE = "Clicks!Tests/Info.plist";
				LD_RUNPATH_SEARCH_PATHS = (
					"$(inherited)",
					"@executable_path/Frameworks",
					"@loader_path/Frameworks",
				);
				PRODUCT_BUNDLE_IDENTIFIER = "BEPID.Clicks-Tests";
				PRODUCT_NAME = "$(TARGET_NAME)";
				SWIFT_VERSION = 4.0;
				TARGETED_DEVICE_FAMILY = "1,2";
				TEST_HOST = "$(BUILT_PRODUCTS_DIR)/Clicks!.app/Clicks!";
			};
			name = Release;
		};
		8AC4B0CC20B3AE28001D98B1 /* Debug */ = {
			isa = XCBuildConfiguration;
			buildSettings = {
				ALWAYS_EMBED_SWIFT_STANDARD_LIBRARIES = YES;
				CODE_SIGN_STYLE = Automatic;
				DEVELOPMENT_TEAM = JC4QT73C9E;
				INFOPLIST_FILE = "Clicks!UITests/Info.plist";
				LD_RUNPATH_SEARCH_PATHS = (
					"$(inherited)",
					"@executable_path/Frameworks",
					"@loader_path/Frameworks",
				);
				PRODUCT_BUNDLE_IDENTIFIER = "BEPID.Clicks-UITests";
				PRODUCT_NAME = "$(TARGET_NAME)";
				SWIFT_VERSION = 4.0;
				TARGETED_DEVICE_FAMILY = "1,2";
				TEST_TARGET_NAME = "Clicks!";
			};
			name = Debug;
		};
		8AC4B0CD20B3AE28001D98B1 /* Release */ = {
			isa = XCBuildConfiguration;
			buildSettings = {
				ALWAYS_EMBED_SWIFT_STANDARD_LIBRARIES = YES;
				CODE_SIGN_STYLE = Automatic;
				DEVELOPMENT_TEAM = JC4QT73C9E;
				INFOPLIST_FILE = "Clicks!UITests/Info.plist";
				LD_RUNPATH_SEARCH_PATHS = (
					"$(inherited)",
					"@executable_path/Frameworks",
					"@loader_path/Frameworks",
				);
				PRODUCT_BUNDLE_IDENTIFIER = "BEPID.Clicks-UITests";
				PRODUCT_NAME = "$(TARGET_NAME)";
				SWIFT_VERSION = 4.0;
				TARGETED_DEVICE_FAMILY = "1,2";
				TEST_TARGET_NAME = "Clicks!";
			};
			name = Release;
		};
/* End XCBuildConfiguration section */

/* Begin XCConfigurationList section */
		8AC4B09820B3AE26001D98B1 /* Build configuration list for PBXProject "Clicks!" */ = {
			isa = XCConfigurationList;
			buildConfigurations = (
				8AC4B0C320B3AE28001D98B1 /* Debug */,
				8AC4B0C420B3AE28001D98B1 /* Release */,
			);
			defaultConfigurationIsVisible = 0;
			defaultConfigurationName = Release;
		};
		8AC4B0C520B3AE28001D98B1 /* Build configuration list for PBXNativeTarget "Clicks!" */ = {
			isa = XCConfigurationList;
			buildConfigurations = (
				8AC4B0C620B3AE28001D98B1 /* Debug */,
				8AC4B0C720B3AE28001D98B1 /* Release */,
			);
			defaultConfigurationIsVisible = 0;
			defaultConfigurationName = Release;
		};
		8AC4B0C820B3AE28001D98B1 /* Build configuration list for PBXNativeTarget "Clicks!Tests" */ = {
			isa = XCConfigurationList;
			buildConfigurations = (
				8AC4B0C920B3AE28001D98B1 /* Debug */,
				8AC4B0CA20B3AE28001D98B1 /* Release */,
			);
			defaultConfigurationIsVisible = 0;
			defaultConfigurationName = Release;
		};
		8AC4B0CB20B3AE28001D98B1 /* Build configuration list for PBXNativeTarget "Clicks!UITests" */ = {
			isa = XCConfigurationList;
			buildConfigurations = (
				8AC4B0CC20B3AE28001D98B1 /* Debug */,
				8AC4B0CD20B3AE28001D98B1 /* Release */,
			);
			defaultConfigurationIsVisible = 0;
			defaultConfigurationName = Release;
		};
/* End XCConfigurationList section */
	};
	rootObject = 8AC4B09520B3AE26001D98B1 /* Project object */;
}
